
Microsoft Visual Studio Solution File, Format Version 12.00
# Visual Studio Version 17
VisualStudioVersion = 17.3.32922.545
MinimumVisualStudioVersion = 10.0.40219.1
Project("{FAE04EC0-301F-11D3-BF4B-00C04F79EFBC}") = "1. Diagonal Difference", "1. Diagonal Difference\1. Diagonal Difference.csproj", "{8B295BC8-455A-4997-B90B-0C2D98BA664B}"
EndProject
Project("{FAE04EC0-301F-11D3-BF4B-00C04F79EFBC}") = "2. Squares in Matrix", "2. Squares in Matrix\2. Squares in Matrix.csproj", "{2307E5B5-53CD-4624-A504-82D199B1F550}"
EndProject
Project("{FAE04EC0-301F-11D3-BF4B-00C04F79EFBC}") = "3. Maximal Sum", "3. Maximal Sum\3. Maximal Sum.csproj", "{C26BBEAA-BF0B-4BA8-A360-0EED15C22084}"
EndProject
Project("{FAE04EC0-301F-11D3-BF4B-00C04F79EFBC}") = "4. Matrix Shuffling", "4. Matrix Shuffling\4. Matrix Shuffling.csproj", "{8E7A9133-8D17-4954-8016-23FD2719C3BB}"
EndProject
Project("{FAE04EC0-301F-11D3-BF4B-00C04F79EFBC}") = "5. Snake Moves", "5. Snake Moves\5. Snake Moves.csproj", "{BEEE5264-AA20-4908-8A0E-EB8CCDB843DF}"
EndProject
Project("{FAE04EC0-301F-11D3-BF4B-00C04F79EFBC}") = "6. Jagged Array Manipulator", "6. Jagged Array Manipulator\6. Jagged Array Manipulator.csproj", "{5D1A2BBA-151F-492B-85F6-D88FC20ACA64}"
EndProject
Project("{FAE04EC0-301F-11D3-BF4B-00C04F79EFBC}") = "7. Knight Game", "7. Knight Game\7. Knight Game.csproj", "{7A9191D5-088A-4822-A4A4-A5D2CCF85CB6}"
EndProject
Project("{FAE04EC0-301F-11D3-BF4B-00C04F79EFBC}") = "8. Bombs", "8. Bombs\8. Bombs.csproj", "{F3BCE48C-86EC-4BB4-A736-6AC392814571}"
EndProject
Project("{FAE04EC0-301F-11D3-BF4B-00C04F79EFBC}") = "9. Miner", "9. Miner\9. Miner.csproj", "{1429F8EF-F371-4E4D-80EE-BB04781400EE}"
EndProject
Project("{FAE04EC0-301F-11D3-BF4B-00C04F79EFBC}") = "10. Radioactive Mutant Vampire Bunnies", "10. Radioactive Mutant Vampire Bunnies\10. Radioactive Mutant Vampire Bunnies.csproj", "{C9BE9E9D-956B-465A-ADD2-3C7852FB9E24}"
EndProject
Global
	GlobalSection(SolutionConfigurationPlatforms) = preSolution
		Debug|Any CPU = Debug|Any CPU
		Release|Any CPU = Release|Any CPU
	EndGlobalSection
	GlobalSection(ProjectConfigurationPlatforms) = postSolution
		{8B295BC8-455A-4997-B90B-0C2D98BA664B}.Debug|Any CPU.ActiveCfg = Debug|Any CPU
		{8B295BC8-455A-4997-B90B-0C2D98BA664B}.Debug|Any CPU.Build.0 = Debug|Any CPU
		{8B295BC8-455A-4997-B90B-0C2D98BA664B}.Release|Any CPU.ActiveCfg = Release|Any CPU
		{8B295BC8-455A-4997-B90B-0C2D98BA664B}.Release|Any CPU.Build.0 = Release|Any CPU
		{2307E5B5-53CD-4624-A504-82D199B1F550}.Debug|Any CPU.ActiveCfg = Debug|Any CPU
		{2307E5B5-53CD-4624-A504-82D199B1F550}.Debug|Any CPU.Build.0 = Debug|Any CPU
		{2307E5B5-53CD-4624-A504-82D199B1F550}.Release|Any CPU.ActiveCfg = Release|Any CPU
		{2307E5B5-53CD-4624-A504-82D199B1F550}.Release|Any CPU.Build.0 = Release|Any CPU
		{C26BBEAA-BF0B-4BA8-A360-0EED15C22084}.Debug|Any CPU.ActiveCfg = Debug|Any CPU
		{C26BBEAA-BF0B-4BA8-A360-0EED15C22084}.Debug|Any CPU.Build.0 = Debug|Any CPU
		{C26BBEAA-BF0B-4BA8-A360-0EED15C22084}.Release|Any CPU.ActiveCfg = Release|Any CPU
		{C26BBEAA-BF0B-4BA8-A360-0EED15C22084}.Release|Any CPU.Build.0 = Release|Any CPU
		{8E7A9133-8D17-4954-8016-23FD2719C3BB}.Debug|Any CPU.ActiveCfg = Debug|Any CPU
		{8E7A9133-8D17-4954-8016-23FD2719C3BB}.Debug|Any CPU.Build.0 = Debug|Any CPU
		{8E7A9133-8D17-4954-8016-23FD2719C3BB}.Release|Any CPU.ActiveCfg = Release|Any CPU
		{8E7A9133-8D17-4954-8016-23FD2719C3BB}.Release|Any CPU.Build.0 = Release|Any CPU
		{BEEE5264-AA20-4908-8A0E-EB8CCDB843DF}.Debug|Any CPU.ActiveCfg = Debug|Any CPU
		{BEEE5264-AA20-4908-8A0E-EB8CCDB843DF}.Debug|Any CPU.Build.0 = Debug|Any CPU
		{BEEE5264-AA20-4908-8A0E-EB8CCDB843DF}.Release|Any CPU.ActiveCfg = Release|Any CPU
		{BEEE5264-AA20-4908-8A0E-EB8CCDB843DF}.Release|Any CPU.Build.0 = Release|Any CPU
		{5D1A2BBA-151F-492B-85F6-D88FC20ACA64}.Debug|Any CPU.ActiveCfg = Debug|Any CPU
		{5D1A2BBA-151F-492B-85F6-D88FC20ACA64}.Debug|Any CPU.Build.0 = Debug|Any CPU
		{5D1A2BBA-151F-492B-85F6-D88FC20ACA64}.Release|Any CPU.ActiveCfg = Release|Any CPU
		{5D1A2BBA-151F-492B-85F6-D88FC20ACA64}.Release|Any CPU.Build.0 = Release|Any CPU
		{7A9191D5-088A-4822-A4A4-A5D2CCF85CB6}.Debug|Any CPU.ActiveCfg = Debug|Any CPU
		{7A9191D5-088A-4822-A4A4-A5D2CCF85CB6}.Debug|Any CPU.Build.0 = Debug|Any CPU
		{7A9191D5-088A-4822-A4A4-A5D2CCF85CB6}.Release|Any CPU.ActiveCfg = Release|Any CPU
		{7A9191D5-088A-4822-A4A4-A5D2CCF85CB6}.Release|Any CPU.Build.0 = Release|Any CPU
		{F3BCE48C-86EC-4BB4-A736-6AC392814571}.Debug|Any CPU.ActiveCfg = Debug|Any CPU
		{F3BCE48C-86EC-4BB4-A736-6AC392814571}.Debug|Any CPU.Build.0 = Debug|Any CPU
		{F3BCE48C-86EC-4BB4-A736-6AC392814571}.Release|Any CPU.ActiveCfg = Release|Any CPU
		{F3BCE48C-86EC-4BB4-A736-6AC392814571}.Release|Any CPU.Build.0 = Release|Any CPU
		{1429F8EF-F371-4E4D-80EE-BB04781400EE}.Debug|Any CPU.ActiveCfg = Debug|Any CPU
		{1429F8EF-F371-4E4D-80EE-BB04781400EE}.Debug|Any CPU.Build.0 = Debug|Any CPU
		{1429F8EF-F371-4E4D-80EE-BB04781400EE}.Release|Any CPU.ActiveCfg = Release|Any CPU
		{1429F8EF-F371-4E4D-80EE-BB04781400EE}.Release|Any CPU.Build.0 = Release|Any CPU
		{C9BE9E9D-956B-465A-ADD2-3C7852FB9E24}.Debug|Any CPU.ActiveCfg = Debug|Any CPU
		{C9BE9E9D-956B-465A-ADD2-3C7852FB9E24}.Debug|Any CPU.Build.0 = Debug|Any CPU
		{C9BE9E9D-956B-465A-ADD2-3C7852FB9E24}.Release|Any CPU.ActiveCfg = Release|Any CPU
		{C9BE9E9D-956B-465A-ADD2-3C7852FB9E24}.Release|Any CPU.Build.0 = Release|Any CPU
	EndGlobalSection
	GlobalSection(SolutionProperties) = preSolution
		HideSolutionNode = FALSE
	EndGlobalSection
	GlobalSection(ExtensibilityGlobals) = postSolution
		SolutionGuid = {D7F33AF8-7846-499D-A9BD-5E2FB24E66F3}
	EndGlobalSection
EndGlobal
