
Microsoft Visual Studio Solution File, Format Version 12.00
# Visual Studio Version 17
VisualStudioVersion = 17.4.33213.308
MinimumVisualStudioVersion = 10.0.40219.1
Project("{FAE04EC0-301F-11D3-BF4B-00C04F79EFBC}") = "P01", "P01\P01.csproj", "{3797FCB5-BE41-42C0-9F08-3339978EF514}"
EndProject
Project("{FAE04EC0-301F-11D3-BF4B-00C04F79EFBC}") = "P02", "P02\P02.csproj", "{D60B12EF-7484-4E1F-B66C-F6CE43B4A566}"
EndProject
Project("{FAE04EC0-301F-11D3-BF4B-00C04F79EFBC}") = "P03", "P03\P03.csproj", "{9AA2E0CF-AED1-4227-B7EE-083FDE3E3FBE}"
EndProject
Project("{FAE04EC0-301F-11D3-BF4B-00C04F79EFBC}") = "P04", "P04\P04.csproj", "{7ED7D5A7-9A7C-48F8-A6E6-96917D1E87C6}"
EndProject
Project("{FAE04EC0-301F-11D3-BF4B-00C04F79EFBC}") = "P05", "P05\P05.csproj", "{60225D68-365B-4C8E-A8C4-949DC548CCA8}"
EndProject
Global
	GlobalSection(SolutionConfigurationPlatforms) = preSolution
		Debug|Any CPU = Debug|Any CPU
		Release|Any CPU = Release|Any CPU
	EndGlobalSection
	GlobalSection(ProjectConfigurationPlatforms) = postSolution
		{3797FCB5-BE41-42C0-9F08-3339978EF514}.Debug|Any CPU.ActiveCfg = Debug|Any CPU
		{3797FCB5-BE41-42C0-9F08-3339978EF514}.Debug|Any CPU.Build.0 = Debug|Any CPU
		{3797FCB5-BE41-42C0-9F08-3339978EF514}.Release|Any CPU.ActiveCfg = Release|Any CPU
		{3797FCB5-BE41-42C0-9F08-3339978EF514}.Release|Any CPU.Build.0 = Release|Any CPU
		{D60B12EF-7484-4E1F-B66C-F6CE43B4A566}.Debug|Any CPU.ActiveCfg = Debug|Any CPU
		{D60B12EF-7484-4E1F-B66C-F6CE43B4A566}.Debug|Any CPU.Build.0 = Debug|Any CPU
		{D60B12EF-7484-4E1F-B66C-F6CE43B4A566}.Release|Any CPU.ActiveCfg = Release|Any CPU
		{D60B12EF-7484-4E1F-B66C-F6CE43B4A566}.Release|Any CPU.Build.0 = Release|Any CPU
		{9AA2E0CF-AED1-4227-B7EE-083FDE3E3FBE}.Debug|Any CPU.ActiveCfg = Debug|Any CPU
		{9AA2E0CF-AED1-4227-B7EE-083FDE3E3FBE}.Debug|Any CPU.Build.0 = Debug|Any CPU
		{9AA2E0CF-AED1-4227-B7EE-083FDE3E3FBE}.Release|Any CPU.ActiveCfg = Release|Any CPU
		{9AA2E0CF-AED1-4227-B7EE-083FDE3E3FBE}.Release|Any CPU.Build.0 = Release|Any CPU
		{7ED7D5A7-9A7C-48F8-A6E6-96917D1E87C6}.Debug|Any CPU.ActiveCfg = Debug|Any CPU
		{7ED7D5A7-9A7C-48F8-A6E6-96917D1E87C6}.Debug|Any CPU.Build.0 = Debug|Any CPU
		{7ED7D5A7-9A7C-48F8-A6E6-96917D1E87C6}.Release|Any CPU.ActiveCfg = Release|Any CPU
		{7ED7D5A7-9A7C-48F8-A6E6-96917D1E87C6}.Release|Any CPU.Build.0 = Release|Any CPU
		{60225D68-365B-4C8E-A8C4-949DC548CCA8}.Debug|Any CPU.ActiveCfg = Debug|Any CPU
		{60225D68-365B-4C8E-A8C4-949DC548CCA8}.Debug|Any CPU.Build.0 = Debug|Any CPU
		{60225D68-365B-4C8E-A8C4-949DC548CCA8}.Release|Any CPU.ActiveCfg = Release|Any CPU
		{60225D68-365B-4C8E-A8C4-949DC548CCA8}.Release|Any CPU.Build.0 = Release|Any CPU
	EndGlobalSection
	GlobalSection(SolutionProperties) = preSolution
		HideSolutionNode = FALSE
	EndGlobalSection
	GlobalSection(ExtensibilityGlobals) = postSolution
		SolutionGuid = {3CD25A72-4A59-4380-8D94-E4A227D64A40}
	EndGlobalSection
EndGlobal
