
Microsoft Visual Studio Solution File, Format Version 12.00
# Visual Studio Version 17
VisualStudioVersion = 17.4.33213.308
MinimumVisualStudioVersion = 10.0.40219.1
Project("{FAE04EC0-301F-11D3-BF4B-00C04F79EFBC}") = "P01", "P01\P01.csproj", "{4AA85F5B-3717-4DBE-99BE-60B9DA9742C6}"
EndProject
Project("{FAE04EC0-301F-11D3-BF4B-00C04F79EFBC}") = "P02", "P02\P02.csproj", "{5BB91463-11B5-440C-BF5C-E17311038A8F}"
EndProject
Global
	GlobalSection(SolutionConfigurationPlatforms) = preSolution
		Debug|Any CPU = Debug|Any CPU
		Release|Any CPU = Release|Any CPU
	EndGlobalSection
	GlobalSection(ProjectConfigurationPlatforms) = postSolution
		{4AA85F5B-3717-4DBE-99BE-60B9DA9742C6}.Debug|Any CPU.ActiveCfg = Debug|Any CPU
		{4AA85F5B-3717-4DBE-99BE-60B9DA9742C6}.Debug|Any CPU.Build.0 = Debug|Any CPU
		{4AA85F5B-3717-4DBE-99BE-60B9DA9742C6}.Release|Any CPU.ActiveCfg = Release|Any CPU
		{4AA85F5B-3717-4DBE-99BE-60B9DA9742C6}.Release|Any CPU.Build.0 = Release|Any CPU
		{5BB91463-11B5-440C-BF5C-E17311038A8F}.Debug|Any CPU.ActiveCfg = Debug|Any CPU
		{5BB91463-11B5-440C-BF5C-E17311038A8F}.Debug|Any CPU.Build.0 = Debug|Any CPU
		{5BB91463-11B5-440C-BF5C-E17311038A8F}.Release|Any CPU.ActiveCfg = Release|Any CPU
		{5BB91463-11B5-440C-BF5C-E17311038A8F}.Release|Any CPU.Build.0 = Release|Any CPU
	EndGlobalSection
	GlobalSection(SolutionProperties) = preSolution
		HideSolutionNode = FALSE
	EndGlobalSection
	GlobalSection(ExtensibilityGlobals) = postSolution
		SolutionGuid = {7F38B60C-4797-44BC-B75B-4F06A64D5CA5}
	EndGlobalSection
EndGlobal
