
Microsoft Visual Studio Solution File, Format Version 12.00
# Visual Studio Version 17
VisualStudioVersion = 17.4.33213.308
MinimumVisualStudioVersion = 10.0.40219.1
Project("{9A19103F-16F7-4668-BE54-9A1E7A4F7556}") = "01.ListyIterator", "01.ListyIterator\01.ListyIterator.csproj", "{CDA7E910-31B7-488E-B2FA-530140CA8EFE}"
EndProject
Project("{9A19103F-16F7-4668-BE54-9A1E7A4F7556}") = "03.Stack", "03.Stack\03.Stack.csproj", "{6B0B0511-3C7C-4E2F-9308-C522D06FDC8B}"
EndProject
Project("{9A19103F-16F7-4668-BE54-9A1E7A4F7556}") = "04.Froggy", "04.Froggy\04.Froggy.csproj", "{4D2E16CF-3A37-476E-A69C-E9FD08EE2639}"
EndProject
Project("{9A19103F-16F7-4668-BE54-9A1E7A4F7556}") = "05.ComparingObjects", "05.ComparingObjects\05.ComparingObjects.csproj", "{DD0DE1B4-B27E-4513-93AF-ED11EFEA251B}"
EndProject
Project("{FAE04EC0-301F-11D3-BF4B-00C04F79EFBC}") = "06.EqualityLogic", "06.EqualityLogic\06.EqualityLogic.csproj", "{EB5AFEAE-046D-483F-B6EF-A3AFAAF95B2A}"
EndProject
Global
	GlobalSection(SolutionConfigurationPlatforms) = preSolution
		Debug|Any CPU = Debug|Any CPU
		Release|Any CPU = Release|Any CPU
	EndGlobalSection
	GlobalSection(ProjectConfigurationPlatforms) = postSolution
		{CDA7E910-31B7-488E-B2FA-530140CA8EFE}.Debug|Any CPU.ActiveCfg = Debug|Any CPU
		{CDA7E910-31B7-488E-B2FA-530140CA8EFE}.Debug|Any CPU.Build.0 = Debug|Any CPU
		{CDA7E910-31B7-488E-B2FA-530140CA8EFE}.Release|Any CPU.ActiveCfg = Release|Any CPU
		{CDA7E910-31B7-488E-B2FA-530140CA8EFE}.Release|Any CPU.Build.0 = Release|Any CPU
		{6B0B0511-3C7C-4E2F-9308-C522D06FDC8B}.Debug|Any CPU.ActiveCfg = Debug|Any CPU
		{6B0B0511-3C7C-4E2F-9308-C522D06FDC8B}.Debug|Any CPU.Build.0 = Debug|Any CPU
		{6B0B0511-3C7C-4E2F-9308-C522D06FDC8B}.Release|Any CPU.ActiveCfg = Release|Any CPU
		{6B0B0511-3C7C-4E2F-9308-C522D06FDC8B}.Release|Any CPU.Build.0 = Release|Any CPU
		{4D2E16CF-3A37-476E-A69C-E9FD08EE2639}.Debug|Any CPU.ActiveCfg = Debug|Any CPU
		{4D2E16CF-3A37-476E-A69C-E9FD08EE2639}.Debug|Any CPU.Build.0 = Debug|Any CPU
		{4D2E16CF-3A37-476E-A69C-E9FD08EE2639}.Release|Any CPU.ActiveCfg = Release|Any CPU
		{4D2E16CF-3A37-476E-A69C-E9FD08EE2639}.Release|Any CPU.Build.0 = Release|Any CPU
		{DD0DE1B4-B27E-4513-93AF-ED11EFEA251B}.Debug|Any CPU.ActiveCfg = Debug|Any CPU
		{DD0DE1B4-B27E-4513-93AF-ED11EFEA251B}.Debug|Any CPU.Build.0 = Debug|Any CPU
		{DD0DE1B4-B27E-4513-93AF-ED11EFEA251B}.Release|Any CPU.ActiveCfg = Release|Any CPU
		{DD0DE1B4-B27E-4513-93AF-ED11EFEA251B}.Release|Any CPU.Build.0 = Release|Any CPU
		{EB5AFEAE-046D-483F-B6EF-A3AFAAF95B2A}.Debug|Any CPU.ActiveCfg = Debug|Any CPU
		{EB5AFEAE-046D-483F-B6EF-A3AFAAF95B2A}.Debug|Any CPU.Build.0 = Debug|Any CPU
		{EB5AFEAE-046D-483F-B6EF-A3AFAAF95B2A}.Release|Any CPU.ActiveCfg = Release|Any CPU
		{EB5AFEAE-046D-483F-B6EF-A3AFAAF95B2A}.Release|Any CPU.Build.0 = Release|Any CPU
	EndGlobalSection
	GlobalSection(SolutionProperties) = preSolution
		HideSolutionNode = FALSE
	EndGlobalSection
	GlobalSection(ExtensibilityGlobals) = postSolution
		SolutionGuid = {023DA83E-3B33-4901-85A4-0AE71A9CF04D}
	EndGlobalSection
EndGlobal
