
Microsoft Visual Studio Solution File, Format Version 12.00
Project("{FAE04EC0-301F-11D3-BF4B-00C04F79EFBC}") = "HouseRentingSystem", "HouseRentingSystem\HouseRentingSystem.csproj", "{1D3969D0-4F0C-4E58-870C-7B16F46748B6}"
EndProject
Project("{FAE04EC0-301F-11D3-BF4B-00C04F79EFBC}") = "HouseRentingSystem.Core", "HouseRentingSystem.Core\HouseRentingSystem.Core.csproj", "{7E47CBCC-474D-4D16-B82D-9FC973ABF2AB}"
EndProject
Project("{FAE04EC0-301F-11D3-BF4B-00C04F79EFBC}") = "HouseRentingSystem.Infrastructure", "HouseRentingSystem.Infrastructure\HouseRentingSystem.Infrastructure.csproj", "{4429A83F-C880-472F-9A0A-7E62D2A16E5A}"
EndProject
Global
	GlobalSection(SolutionConfigurationPlatforms) = preSolution
		Debug|Any CPU = Debug|Any CPU
		Release|Any CPU = Release|Any CPU
	EndGlobalSection
	GlobalSection(ProjectConfigurationPlatforms) = postSolution
		{1D3969D0-4F0C-4E58-870C-7B16F46748B6}.Debug|Any CPU.ActiveCfg = Debug|Any CPU
		{1D3969D0-4F0C-4E58-870C-7B16F46748B6}.Debug|Any CPU.Build.0 = Debug|Any CPU
		{1D3969D0-4F0C-4E58-870C-7B16F46748B6}.Release|Any CPU.ActiveCfg = Release|Any CPU
		{1D3969D0-4F0C-4E58-870C-7B16F46748B6}.Release|Any CPU.Build.0 = Release|Any CPU
		{7E47CBCC-474D-4D16-B82D-9FC973ABF2AB}.Debug|Any CPU.ActiveCfg = Debug|Any CPU
		{7E47CBCC-474D-4D16-B82D-9FC973ABF2AB}.Debug|Any CPU.Build.0 = Debug|Any CPU
		{7E47CBCC-474D-4D16-B82D-9FC973ABF2AB}.Release|Any CPU.ActiveCfg = Release|Any CPU
		{7E47CBCC-474D-4D16-B82D-9FC973ABF2AB}.Release|Any CPU.Build.0 = Release|Any CPU
		{4429A83F-C880-472F-9A0A-7E62D2A16E5A}.Debug|Any CPU.ActiveCfg = Debug|Any CPU
		{4429A83F-C880-472F-9A0A-7E62D2A16E5A}.Debug|Any CPU.Build.0 = Debug|Any CPU
		{4429A83F-C880-472F-9A0A-7E62D2A16E5A}.Release|Any CPU.ActiveCfg = Release|Any CPU
		{4429A83F-C880-472F-9A0A-7E62D2A16E5A}.Release|Any CPU.Build.0 = Release|Any CPU
	EndGlobalSection
EndGlobal
