
Microsoft Visual Studio Solution File, Format Version 12.00
Project("{FAE04EC0-301F-11D3-BF4B-00C04F79EFBC}") = "AspNetCoreAdvancedDemo", "AspNetCoreAdvancedDemo\AspNetCoreAdvancedDemo.csproj", "{6A87403B-5E2D-46D8-9EC2-E6E965ABC586}"
EndProject
Global
	GlobalSection(SolutionConfigurationPlatforms) = preSolution
		Debug|Any CPU = Debug|Any CPU
		Release|Any CPU = Release|Any CPU
	EndGlobalSection
	GlobalSection(ProjectConfigurationPlatforms) = postSolution
		{6A87403B-5E2D-46D8-9EC2-E6E965ABC586}.Debug|Any CPU.ActiveCfg = Debug|Any CPU
		{6A87403B-5E2D-46D8-9EC2-E6E965ABC586}.Debug|Any CPU.Build.0 = Debug|Any CPU
		{6A87403B-5E2D-46D8-9EC2-E6E965ABC586}.Release|Any CPU.ActiveCfg = Release|Any CPU
		{6A87403B-5E2D-46D8-9EC2-E6E965ABC586}.Release|Any CPU.Build.0 = Release|Any CPU
	EndGlobalSection
EndGlobal
