
Microsoft Visual Studio Solution File, Format Version 12.00
# Visual Studio Version 17
VisualStudioVersion = 17.3.32922.545
MinimumVisualStudioVersion = 10.0.40219.1
Project("{FAE04EC0-301F-11D3-BF4B-00C04F79EFBC}") = "01. Basic Stack Operations", "01. Basic Stack Operations\01. Basic Stack Operations.csproj", "{AA5B6FDA-E6FD-4788-9505-2FBEC57BF278}"
EndProject
Project("{FAE04EC0-301F-11D3-BF4B-00C04F79EFBC}") = "02. Basic Queue Operations", "02. Basic Queue Operations\02. Basic Queue Operations.csproj", "{513CBB28-8D59-44D4-8FC8-CDE704B1F2CE}"
EndProject
Project("{FAE04EC0-301F-11D3-BF4B-00C04F79EFBC}") = "03. Maximum and Minimum Element", "03. Maximum and Minimum Element\03. Maximum and Minimum Element.csproj", "{6112B361-1CC4-4E3C-8117-A840AEFAFA41}"
EndProject
Project("{FAE04EC0-301F-11D3-BF4B-00C04F79EFBC}") = "04. Fast Food", "04. Fast Food\04. Fast Food.csproj", "{3C22D3EC-71DE-4CF5-B7C0-A729B8602C63}"
EndProject
Project("{FAE04EC0-301F-11D3-BF4B-00C04F79EFBC}") = "05. Fashion Boutique", "05. Fashion Boutique\05. Fashion Boutique.csproj", "{A69762EA-F198-48F5-B223-E996DD44CB57}"
EndProject
Project("{FAE04EC0-301F-11D3-BF4B-00C04F79EFBC}") = "06. Songs Queue", "06. Songs Queue\06. Songs Queue.csproj", "{E1937760-7AE7-4120-903B-6AE1E2371604}"
EndProject
Project("{FAE04EC0-301F-11D3-BF4B-00C04F79EFBC}") = "07. Truck Tour", "07. Truck Tour\07. Truck Tour.csproj", "{8F017C6C-E5CE-4F8C-B91E-B1114D9C2A9E}"
EndProject
Project("{FAE04EC0-301F-11D3-BF4B-00C04F79EFBC}") = "08. Balanced Parenthesis", "08. Balanced Parenthesis\08. Balanced Parenthesis.csproj", "{2DCF4AC0-8C72-4DDB-BC1A-45947D2E4917}"
EndProject
Project("{FAE04EC0-301F-11D3-BF4B-00C04F79EFBC}") = "09. Simple Text Editor", "09. Simple Text Editor\09. Simple Text Editor.csproj", "{B1E35E1D-6EAF-4188-B4CE-9389670B111C}"
EndProject
Project("{FAE04EC0-301F-11D3-BF4B-00C04F79EFBC}") = "10. Crossroads", "10. Crossroads\10. Crossroads.csproj", "{EC2E42BD-7C67-4AEF-978B-8686A4ACB5CA}"
EndProject
Project("{FAE04EC0-301F-11D3-BF4B-00C04F79EFBC}") = "11. Key Revolver", "11. Key Revolver\11. Key Revolver.csproj", "{02FA91C0-669F-437B-A77F-84F81ED57F2A}"
EndProject
Project("{FAE04EC0-301F-11D3-BF4B-00C04F79EFBC}") = "12. Cups and Bottles", "12. Cups and Bottles\12. Cups and Bottles.csproj", "{084A7080-1E8C-4C34-BB89-F47F8CFE3203}"
EndProject
Global
	GlobalSection(SolutionConfigurationPlatforms) = preSolution
		Debug|Any CPU = Debug|Any CPU
		Release|Any CPU = Release|Any CPU
	EndGlobalSection
	GlobalSection(ProjectConfigurationPlatforms) = postSolution
		{AA5B6FDA-E6FD-4788-9505-2FBEC57BF278}.Debug|Any CPU.ActiveCfg = Debug|Any CPU
		{AA5B6FDA-E6FD-4788-9505-2FBEC57BF278}.Debug|Any CPU.Build.0 = Debug|Any CPU
		{AA5B6FDA-E6FD-4788-9505-2FBEC57BF278}.Release|Any CPU.ActiveCfg = Release|Any CPU
		{AA5B6FDA-E6FD-4788-9505-2FBEC57BF278}.Release|Any CPU.Build.0 = Release|Any CPU
		{513CBB28-8D59-44D4-8FC8-CDE704B1F2CE}.Debug|Any CPU.ActiveCfg = Debug|Any CPU
		{513CBB28-8D59-44D4-8FC8-CDE704B1F2CE}.Debug|Any CPU.Build.0 = Debug|Any CPU
		{513CBB28-8D59-44D4-8FC8-CDE704B1F2CE}.Release|Any CPU.ActiveCfg = Release|Any CPU
		{513CBB28-8D59-44D4-8FC8-CDE704B1F2CE}.Release|Any CPU.Build.0 = Release|Any CPU
		{6112B361-1CC4-4E3C-8117-A840AEFAFA41}.Debug|Any CPU.ActiveCfg = Debug|Any CPU
		{6112B361-1CC4-4E3C-8117-A840AEFAFA41}.Debug|Any CPU.Build.0 = Debug|Any CPU
		{6112B361-1CC4-4E3C-8117-A840AEFAFA41}.Release|Any CPU.ActiveCfg = Release|Any CPU
		{6112B361-1CC4-4E3C-8117-A840AEFAFA41}.Release|Any CPU.Build.0 = Release|Any CPU
		{3C22D3EC-71DE-4CF5-B7C0-A729B8602C63}.Debug|Any CPU.ActiveCfg = Debug|Any CPU
		{3C22D3EC-71DE-4CF5-B7C0-A729B8602C63}.Debug|Any CPU.Build.0 = Debug|Any CPU
		{3C22D3EC-71DE-4CF5-B7C0-A729B8602C63}.Release|Any CPU.ActiveCfg = Release|Any CPU
		{3C22D3EC-71DE-4CF5-B7C0-A729B8602C63}.Release|Any CPU.Build.0 = Release|Any CPU
		{A69762EA-F198-48F5-B223-E996DD44CB57}.Debug|Any CPU.ActiveCfg = Debug|Any CPU
		{A69762EA-F198-48F5-B223-E996DD44CB57}.Debug|Any CPU.Build.0 = Debug|Any CPU
		{A69762EA-F198-48F5-B223-E996DD44CB57}.Release|Any CPU.ActiveCfg = Release|Any CPU
		{A69762EA-F198-48F5-B223-E996DD44CB57}.Release|Any CPU.Build.0 = Release|Any CPU
		{E1937760-7AE7-4120-903B-6AE1E2371604}.Debug|Any CPU.ActiveCfg = Debug|Any CPU
		{E1937760-7AE7-4120-903B-6AE1E2371604}.Debug|Any CPU.Build.0 = Debug|Any CPU
		{E1937760-7AE7-4120-903B-6AE1E2371604}.Release|Any CPU.ActiveCfg = Release|Any CPU
		{E1937760-7AE7-4120-903B-6AE1E2371604}.Release|Any CPU.Build.0 = Release|Any CPU
		{8F017C6C-E5CE-4F8C-B91E-B1114D9C2A9E}.Debug|Any CPU.ActiveCfg = Debug|Any CPU
		{8F017C6C-E5CE-4F8C-B91E-B1114D9C2A9E}.Debug|Any CPU.Build.0 = Debug|Any CPU
		{8F017C6C-E5CE-4F8C-B91E-B1114D9C2A9E}.Release|Any CPU.ActiveCfg = Release|Any CPU
		{8F017C6C-E5CE-4F8C-B91E-B1114D9C2A9E}.Release|Any CPU.Build.0 = Release|Any CPU
		{2DCF4AC0-8C72-4DDB-BC1A-45947D2E4917}.Debug|Any CPU.ActiveCfg = Debug|Any CPU
		{2DCF4AC0-8C72-4DDB-BC1A-45947D2E4917}.Debug|Any CPU.Build.0 = Debug|Any CPU
		{2DCF4AC0-8C72-4DDB-BC1A-45947D2E4917}.Release|Any CPU.ActiveCfg = Release|Any CPU
		{2DCF4AC0-8C72-4DDB-BC1A-45947D2E4917}.Release|Any CPU.Build.0 = Release|Any CPU
		{B1E35E1D-6EAF-4188-B4CE-9389670B111C}.Debug|Any CPU.ActiveCfg = Debug|Any CPU
		{B1E35E1D-6EAF-4188-B4CE-9389670B111C}.Debug|Any CPU.Build.0 = Debug|Any CPU
		{B1E35E1D-6EAF-4188-B4CE-9389670B111C}.Release|Any CPU.ActiveCfg = Release|Any CPU
		{B1E35E1D-6EAF-4188-B4CE-9389670B111C}.Release|Any CPU.Build.0 = Release|Any CPU
		{EC2E42BD-7C67-4AEF-978B-8686A4ACB5CA}.Debug|Any CPU.ActiveCfg = Debug|Any CPU
		{EC2E42BD-7C67-4AEF-978B-8686A4ACB5CA}.Debug|Any CPU.Build.0 = Debug|Any CPU
		{EC2E42BD-7C67-4AEF-978B-8686A4ACB5CA}.Release|Any CPU.ActiveCfg = Release|Any CPU
		{EC2E42BD-7C67-4AEF-978B-8686A4ACB5CA}.Release|Any CPU.Build.0 = Release|Any CPU
		{02FA91C0-669F-437B-A77F-84F81ED57F2A}.Debug|Any CPU.ActiveCfg = Debug|Any CPU
		{02FA91C0-669F-437B-A77F-84F81ED57F2A}.Debug|Any CPU.Build.0 = Debug|Any CPU
		{02FA91C0-669F-437B-A77F-84F81ED57F2A}.Release|Any CPU.ActiveCfg = Release|Any CPU
		{02FA91C0-669F-437B-A77F-84F81ED57F2A}.Release|Any CPU.Build.0 = Release|Any CPU
		{084A7080-1E8C-4C34-BB89-F47F8CFE3203}.Debug|Any CPU.ActiveCfg = Debug|Any CPU
		{084A7080-1E8C-4C34-BB89-F47F8CFE3203}.Debug|Any CPU.Build.0 = Debug|Any CPU
		{084A7080-1E8C-4C34-BB89-F47F8CFE3203}.Release|Any CPU.ActiveCfg = Release|Any CPU
		{084A7080-1E8C-4C34-BB89-F47F8CFE3203}.Release|Any CPU.Build.0 = Release|Any CPU
	EndGlobalSection
	GlobalSection(SolutionProperties) = preSolution
		HideSolutionNode = FALSE
	EndGlobalSection
	GlobalSection(ExtensibilityGlobals) = postSolution
		SolutionGuid = {28648ABD-505A-4259-8597-B1A3E1E52477}
	EndGlobalSection
EndGlobal
