
Microsoft Visual Studio Solution File, Format Version 12.00
# Visual Studio Version 17
VisualStudioVersion = 17.3.32922.545
MinimumVisualStudioVersion = 10.0.40219.1
Project("{FAE04EC0-301F-11D3-BF4B-00C04F79EFBC}") = "01. Randomize Words", "01. Randomize Words\01. Randomize Words.csproj", "{1CFC2C62-F933-4718-B6F7-1F583B299B77}"
EndProject
Project("{FAE04EC0-301F-11D3-BF4B-00C04F79EFBC}") = "02. Big Factorial", "02. Big Factorial\02. Big Factorial.csproj", "{F64DC72C-8B3D-4FC5-A5E4-4E2699CD2225}"
EndProject
Project("{FAE04EC0-301F-11D3-BF4B-00C04F79EFBC}") = "03. Songs", "03. Songs\03. Songs.csproj", "{4C7AD03A-2F9F-42DF-ADAF-28ED1D25157F}"
EndProject
Project("{FAE04EC0-301F-11D3-BF4B-00C04F79EFBC}") = "04. Students", "04. Students\04. Students.csproj", "{B50F2988-0929-4C07-878A-E23CE1CD6BE2}"
EndProject
Project("{FAE04EC0-301F-11D3-BF4B-00C04F79EFBC}") = "05. Students 2.0", "05. Students 2.0\05. Students 2.0.csproj", "{A0A5C135-223E-4C43-9369-EB7989753D04}"
EndProject
Project("{FAE04EC0-301F-11D3-BF4B-00C04F79EFBC}") = "06. Store Boxes", "06. Store Boxes\06. Store Boxes.csproj", "{F954E29D-EFD5-458C-8AE6-A7551624E257}"
EndProject
Project("{FAE04EC0-301F-11D3-BF4B-00C04F79EFBC}") = "07. Vehicle Catalogue", "07. Vehicle Catalogue\07. Vehicle Catalogue.csproj", "{B20395DF-A926-4FDE-A266-AD857002B377}"
EndProject
Global
	GlobalSection(SolutionConfigurationPlatforms) = preSolution
		Debug|Any CPU = Debug|Any CPU
		Release|Any CPU = Release|Any CPU
	EndGlobalSection
	GlobalSection(ProjectConfigurationPlatforms) = postSolution
		{1CFC2C62-F933-4718-B6F7-1F583B299B77}.Debug|Any CPU.ActiveCfg = Debug|Any CPU
		{1CFC2C62-F933-4718-B6F7-1F583B299B77}.Debug|Any CPU.Build.0 = Debug|Any CPU
		{1CFC2C62-F933-4718-B6F7-1F583B299B77}.Release|Any CPU.ActiveCfg = Release|Any CPU
		{1CFC2C62-F933-4718-B6F7-1F583B299B77}.Release|Any CPU.Build.0 = Release|Any CPU
		{F64DC72C-8B3D-4FC5-A5E4-4E2699CD2225}.Debug|Any CPU.ActiveCfg = Debug|Any CPU
		{F64DC72C-8B3D-4FC5-A5E4-4E2699CD2225}.Debug|Any CPU.Build.0 = Debug|Any CPU
		{F64DC72C-8B3D-4FC5-A5E4-4E2699CD2225}.Release|Any CPU.ActiveCfg = Release|Any CPU
		{F64DC72C-8B3D-4FC5-A5E4-4E2699CD2225}.Release|Any CPU.Build.0 = Release|Any CPU
		{4C7AD03A-2F9F-42DF-ADAF-28ED1D25157F}.Debug|Any CPU.ActiveCfg = Debug|Any CPU
		{4C7AD03A-2F9F-42DF-ADAF-28ED1D25157F}.Debug|Any CPU.Build.0 = Debug|Any CPU
		{4C7AD03A-2F9F-42DF-ADAF-28ED1D25157F}.Release|Any CPU.ActiveCfg = Release|Any CPU
		{4C7AD03A-2F9F-42DF-ADAF-28ED1D25157F}.Release|Any CPU.Build.0 = Release|Any CPU
		{B50F2988-0929-4C07-878A-E23CE1CD6BE2}.Debug|Any CPU.ActiveCfg = Debug|Any CPU
		{B50F2988-0929-4C07-878A-E23CE1CD6BE2}.Debug|Any CPU.Build.0 = Debug|Any CPU
		{B50F2988-0929-4C07-878A-E23CE1CD6BE2}.Release|Any CPU.ActiveCfg = Release|Any CPU
		{B50F2988-0929-4C07-878A-E23CE1CD6BE2}.Release|Any CPU.Build.0 = Release|Any CPU
		{A0A5C135-223E-4C43-9369-EB7989753D04}.Debug|Any CPU.ActiveCfg = Debug|Any CPU
		{A0A5C135-223E-4C43-9369-EB7989753D04}.Debug|Any CPU.Build.0 = Debug|Any CPU
		{A0A5C135-223E-4C43-9369-EB7989753D04}.Release|Any CPU.ActiveCfg = Release|Any CPU
		{A0A5C135-223E-4C43-9369-EB7989753D04}.Release|Any CPU.Build.0 = Release|Any CPU
		{F954E29D-EFD5-458C-8AE6-A7551624E257}.Debug|Any CPU.ActiveCfg = Debug|Any CPU
		{F954E29D-EFD5-458C-8AE6-A7551624E257}.Debug|Any CPU.Build.0 = Debug|Any CPU
		{F954E29D-EFD5-458C-8AE6-A7551624E257}.Release|Any CPU.ActiveCfg = Release|Any CPU
		{F954E29D-EFD5-458C-8AE6-A7551624E257}.Release|Any CPU.Build.0 = Release|Any CPU
		{B20395DF-A926-4FDE-A266-AD857002B377}.Debug|Any CPU.ActiveCfg = Debug|Any CPU
		{B20395DF-A926-4FDE-A266-AD857002B377}.Debug|Any CPU.Build.0 = Debug|Any CPU
		{B20395DF-A926-4FDE-A266-AD857002B377}.Release|Any CPU.ActiveCfg = Release|Any CPU
		{B20395DF-A926-4FDE-A266-AD857002B377}.Release|Any CPU.Build.0 = Release|Any CPU
	EndGlobalSection
	GlobalSection(SolutionProperties) = preSolution
		HideSolutionNode = FALSE
	EndGlobalSection
	GlobalSection(ExtensibilityGlobals) = postSolution
		SolutionGuid = {F4DB1E85-A5DD-44F3-9B21-DA233EBC443E}
	EndGlobalSection
EndGlobal
