
Microsoft Visual Studio Solution File, Format Version 12.00
# Visual Studio Version 17
VisualStudioVersion = 17.4.33213.308
MinimumVisualStudioVersion = 10.0.40219.1
Project("{FAE04EC0-301F-11D3-BF4B-00C04F79EFBC}") = "P01", "P01\P01.csproj", "{77347F6E-5173-4B25-840B-DF1DE144F10C}"
EndProject
Project("{FAE04EC0-301F-11D3-BF4B-00C04F79EFBC}") = "P02", "P02\P02.csproj", "{FF0A00FC-1E8E-4ED6-BAB7-8A7C5260D503}"
EndProject
Project("{FAE04EC0-301F-11D3-BF4B-00C04F79EFBC}") = "P03", "P03\P03.csproj", "{ADC53B0D-4501-4A60-B3E8-DB3DB581D517}"
EndProject
Global
	GlobalSection(SolutionConfigurationPlatforms) = preSolution
		Debug|Any CPU = Debug|Any CPU
		Release|Any CPU = Release|Any CPU
	EndGlobalSection
	GlobalSection(ProjectConfigurationPlatforms) = postSolution
		{77347F6E-5173-4B25-840B-DF1DE144F10C}.Debug|Any CPU.ActiveCfg = Debug|Any CPU
		{77347F6E-5173-4B25-840B-DF1DE144F10C}.Debug|Any CPU.Build.0 = Debug|Any CPU
		{77347F6E-5173-4B25-840B-DF1DE144F10C}.Release|Any CPU.ActiveCfg = Release|Any CPU
		{77347F6E-5173-4B25-840B-DF1DE144F10C}.Release|Any CPU.Build.0 = Release|Any CPU
		{FF0A00FC-1E8E-4ED6-BAB7-8A7C5260D503}.Debug|Any CPU.ActiveCfg = Debug|Any CPU
		{FF0A00FC-1E8E-4ED6-BAB7-8A7C5260D503}.Debug|Any CPU.Build.0 = Debug|Any CPU
		{FF0A00FC-1E8E-4ED6-BAB7-8A7C5260D503}.Release|Any CPU.ActiveCfg = Release|Any CPU
		{FF0A00FC-1E8E-4ED6-BAB7-8A7C5260D503}.Release|Any CPU.Build.0 = Release|Any CPU
		{ADC53B0D-4501-4A60-B3E8-DB3DB581D517}.Debug|Any CPU.ActiveCfg = Debug|Any CPU
		{ADC53B0D-4501-4A60-B3E8-DB3DB581D517}.Debug|Any CPU.Build.0 = Debug|Any CPU
		{ADC53B0D-4501-4A60-B3E8-DB3DB581D517}.Release|Any CPU.ActiveCfg = Release|Any CPU
		{ADC53B0D-4501-4A60-B3E8-DB3DB581D517}.Release|Any CPU.Build.0 = Release|Any CPU
	EndGlobalSection
	GlobalSection(SolutionProperties) = preSolution
		HideSolutionNode = FALSE
	EndGlobalSection
	GlobalSection(ExtensibilityGlobals) = postSolution
		SolutionGuid = {E190B6FB-57EB-4029-B258-A00C420BF654}
	EndGlobalSection
EndGlobal
