
Microsoft Visual Studio Solution File, Format Version 12.00
# Visual Studio Version 17
VisualStudioVersion = 17.3.32922.545
MinimumVisualStudioVersion = 10.0.40219.1
Project("{FAE04EC0-301F-11D3-BF4B-00C04F79EFBC}") = "01. Warm Winter", "01. Warm Winter\01. Warm Winter.csproj", "{98578F82-C7E1-4D49-B1D9-8D8D3E53569A}"
EndProject
Project("{FAE04EC0-301F-11D3-BF4B-00C04F79EFBC}") = "02. Super Mario", "02. Super Mario\02. Super Mario.csproj", "{30A0B1ED-BFBD-4DBA-AC40-B5947DA69B25}"
EndProject
Global
	GlobalSection(SolutionConfigurationPlatforms) = preSolution
		Debug|Any CPU = Debug|Any CPU
		Release|Any CPU = Release|Any CPU
	EndGlobalSection
	GlobalSection(ProjectConfigurationPlatforms) = postSolution
		{98578F82-C7E1-4D49-B1D9-8D8D3E53569A}.Debug|Any CPU.ActiveCfg = Debug|Any CPU
		{98578F82-C7E1-4D49-B1D9-8D8D3E53569A}.Debug|Any CPU.Build.0 = Debug|Any CPU
		{98578F82-C7E1-4D49-B1D9-8D8D3E53569A}.Release|Any CPU.ActiveCfg = Release|Any CPU
		{98578F82-C7E1-4D49-B1D9-8D8D3E53569A}.Release|Any CPU.Build.0 = Release|Any CPU
		{30A0B1ED-BFBD-4DBA-AC40-B5947DA69B25}.Debug|Any CPU.ActiveCfg = Debug|Any CPU
		{30A0B1ED-BFBD-4DBA-AC40-B5947DA69B25}.Debug|Any CPU.Build.0 = Debug|Any CPU
		{30A0B1ED-BFBD-4DBA-AC40-B5947DA69B25}.Release|Any CPU.ActiveCfg = Release|Any CPU
		{30A0B1ED-BFBD-4DBA-AC40-B5947DA69B25}.Release|Any CPU.Build.0 = Release|Any CPU
	EndGlobalSection
	GlobalSection(SolutionProperties) = preSolution
		HideSolutionNode = FALSE
	EndGlobalSection
	GlobalSection(ExtensibilityGlobals) = postSolution
		SolutionGuid = {FDFD93FF-CB77-4175-B9AB-1C8BCFC6DA92}
	EndGlobalSection
EndGlobal
