
Microsoft Visual Studio Solution File, Format Version 12.00
# Visual Studio Version 17
VisualStudioVersion = 17.3.32922.545
MinimumVisualStudioVersion = 10.0.40219.1
Project("{FAE04EC0-301F-11D3-BF4B-00C04F79EFBC}") = "01. Flower Wreaths", "01. Flower Wreaths\01. Flower Wreaths.csproj", "{2B84ADDF-ADB7-4516-9C11-E1264999735F}"
EndProject
Project("{FAE04EC0-301F-11D3-BF4B-00C04F79EFBC}") = "02. Bee", "02. Bee\02. Bee.csproj", "{59021D02-EF6A-4F2B-96B4-EFF04AC11B88}"
EndProject
Global
	GlobalSection(SolutionConfigurationPlatforms) = preSolution
		Debug|Any CPU = Debug|Any CPU
		Release|Any CPU = Release|Any CPU
	EndGlobalSection
	GlobalSection(ProjectConfigurationPlatforms) = postSolution
		{2B84ADDF-ADB7-4516-9C11-E1264999735F}.Debug|Any CPU.ActiveCfg = Debug|Any CPU
		{2B84ADDF-ADB7-4516-9C11-E1264999735F}.Debug|Any CPU.Build.0 = Debug|Any CPU
		{2B84ADDF-ADB7-4516-9C11-E1264999735F}.Release|Any CPU.ActiveCfg = Release|Any CPU
		{2B84ADDF-ADB7-4516-9C11-E1264999735F}.Release|Any CPU.Build.0 = Release|Any CPU
		{59021D02-EF6A-4F2B-96B4-EFF04AC11B88}.Debug|Any CPU.ActiveCfg = Debug|Any CPU
		{59021D02-EF6A-4F2B-96B4-EFF04AC11B88}.Debug|Any CPU.Build.0 = Debug|Any CPU
		{59021D02-EF6A-4F2B-96B4-EFF04AC11B88}.Release|Any CPU.ActiveCfg = Release|Any CPU
		{59021D02-EF6A-4F2B-96B4-EFF04AC11B88}.Release|Any CPU.Build.0 = Release|Any CPU
	EndGlobalSection
	GlobalSection(SolutionProperties) = preSolution
		HideSolutionNode = FALSE
	EndGlobalSection
	GlobalSection(ExtensibilityGlobals) = postSolution
		SolutionGuid = {9726BFB0-0D8C-43C3-8212-9F7C0C4DF5D9}
	EndGlobalSection
EndGlobal
