
Microsoft Visual Studio Solution File, Format Version 12.00
# Visual Studio Version 17
VisualStudioVersion = 17.3.32922.545
MinimumVisualStudioVersion = 10.0.40219.1
Project("{FAE04EC0-301F-11D3-BF4B-00C04F79EFBC}") = "01. Bakery Shop", "01. Bakery Shop\01. Bakery Shop.csproj", "{89F8BB29-0CB7-46F5-9757-2180A6884C02}"
EndProject
Project("{FAE04EC0-301F-11D3-BF4B-00C04F79EFBC}") = "02. Beaver at Work", "02. Beaver at Work\02. Beaver at Work.csproj", "{C0771918-EADC-475D-84EC-B7D8776B65EF}"
EndProject
Global
	GlobalSection(SolutionConfigurationPlatforms) = preSolution
		Debug|Any CPU = Debug|Any CPU
		Release|Any CPU = Release|Any CPU
	EndGlobalSection
	GlobalSection(ProjectConfigurationPlatforms) = postSolution
		{89F8BB29-0CB7-46F5-9757-2180A6884C02}.Debug|Any CPU.ActiveCfg = Debug|Any CPU
		{89F8BB29-0CB7-46F5-9757-2180A6884C02}.Debug|Any CPU.Build.0 = Debug|Any CPU
		{89F8BB29-0CB7-46F5-9757-2180A6884C02}.Release|Any CPU.ActiveCfg = Release|Any CPU
		{89F8BB29-0CB7-46F5-9757-2180A6884C02}.Release|Any CPU.Build.0 = Release|Any CPU
		{C0771918-EADC-475D-84EC-B7D8776B65EF}.Debug|Any CPU.ActiveCfg = Debug|Any CPU
		{C0771918-EADC-475D-84EC-B7D8776B65EF}.Debug|Any CPU.Build.0 = Debug|Any CPU
		{C0771918-EADC-475D-84EC-B7D8776B65EF}.Release|Any CPU.ActiveCfg = Release|Any CPU
		{C0771918-EADC-475D-84EC-B7D8776B65EF}.Release|Any CPU.Build.0 = Release|Any CPU
	EndGlobalSection
	GlobalSection(SolutionProperties) = preSolution
		HideSolutionNode = FALSE
	EndGlobalSection
	GlobalSection(ExtensibilityGlobals) = postSolution
		SolutionGuid = {260ABC5C-23C4-41B5-BE24-8ECB467FFFE4}
	EndGlobalSection
EndGlobal
