
Microsoft Visual Studio Solution File, Format Version 12.00
# Visual Studio Version 17
VisualStudioVersion = 17.3.32922.545
MinimumVisualStudioVersion = 10.0.40219.1
Project("{FAE04EC0-301F-11D3-BF4B-00C04F79EFBC}") = "01.", "01\01..csproj", "{1E8AAB02-D27C-4356-8ABB-8E7BBD23F579}"
EndProject
Project("{FAE04EC0-301F-11D3-BF4B-00C04F79EFBC}") = "02.", "02\02..csproj", "{EE77188E-C65E-4778-94C3-DE7955B94998}"
EndProject
Project("{FAE04EC0-301F-11D3-BF4B-00C04F79EFBC}") = "03.", "03\03..csproj", "{D66AB81C-4E70-4636-A782-8B8A934AB424}"
EndProject
Project("{FAE04EC0-301F-11D3-BF4B-00C04F79EFBC}") = "04.", "04\04..csproj", "{B49BDF8A-6182-43A6-985F-0B5C0D31B87D}"
EndProject
Global
	GlobalSection(SolutionConfigurationPlatforms) = preSolution
		Debug|Any CPU = Debug|Any CPU
		Release|Any CPU = Release|Any CPU
	EndGlobalSection
	GlobalSection(ProjectConfigurationPlatforms) = postSolution
		{1E8AAB02-D27C-4356-8ABB-8E7BBD23F579}.Debug|Any CPU.ActiveCfg = Debug|Any CPU
		{1E8AAB02-D27C-4356-8ABB-8E7BBD23F579}.Debug|Any CPU.Build.0 = Debug|Any CPU
		{1E8AAB02-D27C-4356-8ABB-8E7BBD23F579}.Release|Any CPU.ActiveCfg = Release|Any CPU
		{1E8AAB02-D27C-4356-8ABB-8E7BBD23F579}.Release|Any CPU.Build.0 = Release|Any CPU
		{EE77188E-C65E-4778-94C3-DE7955B94998}.Debug|Any CPU.ActiveCfg = Debug|Any CPU
		{EE77188E-C65E-4778-94C3-DE7955B94998}.Debug|Any CPU.Build.0 = Debug|Any CPU
		{EE77188E-C65E-4778-94C3-DE7955B94998}.Release|Any CPU.ActiveCfg = Release|Any CPU
		{EE77188E-C65E-4778-94C3-DE7955B94998}.Release|Any CPU.Build.0 = Release|Any CPU
		{D66AB81C-4E70-4636-A782-8B8A934AB424}.Debug|Any CPU.ActiveCfg = Debug|Any CPU
		{D66AB81C-4E70-4636-A782-8B8A934AB424}.Debug|Any CPU.Build.0 = Debug|Any CPU
		{D66AB81C-4E70-4636-A782-8B8A934AB424}.Release|Any CPU.ActiveCfg = Release|Any CPU
		{D66AB81C-4E70-4636-A782-8B8A934AB424}.Release|Any CPU.Build.0 = Release|Any CPU
		{B49BDF8A-6182-43A6-985F-0B5C0D31B87D}.Debug|Any CPU.ActiveCfg = Debug|Any CPU
		{B49BDF8A-6182-43A6-985F-0B5C0D31B87D}.Debug|Any CPU.Build.0 = Debug|Any CPU
		{B49BDF8A-6182-43A6-985F-0B5C0D31B87D}.Release|Any CPU.ActiveCfg = Release|Any CPU
		{B49BDF8A-6182-43A6-985F-0B5C0D31B87D}.Release|Any CPU.Build.0 = Release|Any CPU
	EndGlobalSection
	GlobalSection(SolutionProperties) = preSolution
		HideSolutionNode = FALSE
	EndGlobalSection
	GlobalSection(ExtensibilityGlobals) = postSolution
		SolutionGuid = {AF017088-E063-42C0-AD0D-42D744257018}
	EndGlobalSection
EndGlobal
