
Microsoft Visual Studio Solution File, Format Version 12.00
# Visual Studio Version 17
VisualStudioVersion = 17.4.33110.190
MinimumVisualStudioVersion = 10.0.40219.1
Project("{FAE04EC0-301F-11D3-BF4B-00C04F79EFBC}") = "01. Unique Usernames", "01. Unique Usernames\01. Unique Usernames.csproj", "{C6AD8E0C-5F7F-47E2-9E0E-C158D78A9823}"
EndProject
Project("{FAE04EC0-301F-11D3-BF4B-00C04F79EFBC}") = "02. Sets of Elements", "02. Sets of Elements\02. Sets of Elements.csproj", "{8FE3287E-CC80-4B7E-A757-5CC00F5EFB74}"
EndProject
Project("{FAE04EC0-301F-11D3-BF4B-00C04F79EFBC}") = "03. Periodic Table", "03. Periodic Table\03. Periodic Table.csproj", "{C2B908EF-173C-4272-8EC2-59852B784C0B}"
EndProject
Project("{FAE04EC0-301F-11D3-BF4B-00C04F79EFBC}") = "04. Even Times", "04. Even Times\04. Even Times.csproj", "{3B4AE7D9-091E-4AE9-AB3D-DE3DF9686066}"
EndProject
Project("{FAE04EC0-301F-11D3-BF4B-00C04F79EFBC}") = "05. Count Symbols", "05. Count Symbols\05. Count Symbols.csproj", "{B55DC4ED-9A70-4282-85A9-E82FBB57F340}"
EndProject
Project("{FAE04EC0-301F-11D3-BF4B-00C04F79EFBC}") = "06. Wardrobe", "06. Wardrobe\06. Wardrobe.csproj", "{E3296937-D7B3-48AC-8AB4-2067E05BF2C5}"
EndProject
Project("{FAE04EC0-301F-11D3-BF4B-00C04F79EFBC}") = "07. The V-Logger", "07. The V-Logger\07. The V-Logger.csproj", "{76A17EEE-AEF7-4C53-95D2-D05D7A128F70}"
EndProject
Project("{FAE04EC0-301F-11D3-BF4B-00C04F79EFBC}") = "08. Ranking", "08. Ranking\08. Ranking.csproj", "{3FDA71FD-6419-4E2E-A908-10C0292A4D50}"
EndProject
Project("{FAE04EC0-301F-11D3-BF4B-00C04F79EFBC}") = "09. SoftUni Exam Results", "09. SoftUni Exam Results\09. SoftUni Exam Results.csproj", "{36C0974D-FF61-49EE-AC29-31DCA7187527}"
EndProject
Project("{FAE04EC0-301F-11D3-BF4B-00C04F79EFBC}") = "10. ForceBook", "10. ForceBook\10. ForceBook.csproj", "{04FC7C62-9D75-4B8C-BBA2-282B24647986}"
EndProject
Global
	GlobalSection(SolutionConfigurationPlatforms) = preSolution
		Debug|Any CPU = Debug|Any CPU
		Release|Any CPU = Release|Any CPU
	EndGlobalSection
	GlobalSection(ProjectConfigurationPlatforms) = postSolution
		{C6AD8E0C-5F7F-47E2-9E0E-C158D78A9823}.Debug|Any CPU.ActiveCfg = Debug|Any CPU
		{C6AD8E0C-5F7F-47E2-9E0E-C158D78A9823}.Debug|Any CPU.Build.0 = Debug|Any CPU
		{C6AD8E0C-5F7F-47E2-9E0E-C158D78A9823}.Release|Any CPU.ActiveCfg = Release|Any CPU
		{C6AD8E0C-5F7F-47E2-9E0E-C158D78A9823}.Release|Any CPU.Build.0 = Release|Any CPU
		{8FE3287E-CC80-4B7E-A757-5CC00F5EFB74}.Debug|Any CPU.ActiveCfg = Debug|Any CPU
		{8FE3287E-CC80-4B7E-A757-5CC00F5EFB74}.Debug|Any CPU.Build.0 = Debug|Any CPU
		{8FE3287E-CC80-4B7E-A757-5CC00F5EFB74}.Release|Any CPU.ActiveCfg = Release|Any CPU
		{8FE3287E-CC80-4B7E-A757-5CC00F5EFB74}.Release|Any CPU.Build.0 = Release|Any CPU
		{C2B908EF-173C-4272-8EC2-59852B784C0B}.Debug|Any CPU.ActiveCfg = Debug|Any CPU
		{C2B908EF-173C-4272-8EC2-59852B784C0B}.Debug|Any CPU.Build.0 = Debug|Any CPU
		{C2B908EF-173C-4272-8EC2-59852B784C0B}.Release|Any CPU.ActiveCfg = Release|Any CPU
		{C2B908EF-173C-4272-8EC2-59852B784C0B}.Release|Any CPU.Build.0 = Release|Any CPU
		{3B4AE7D9-091E-4AE9-AB3D-DE3DF9686066}.Debug|Any CPU.ActiveCfg = Debug|Any CPU
		{3B4AE7D9-091E-4AE9-AB3D-DE3DF9686066}.Debug|Any CPU.Build.0 = Debug|Any CPU
		{3B4AE7D9-091E-4AE9-AB3D-DE3DF9686066}.Release|Any CPU.ActiveCfg = Release|Any CPU
		{3B4AE7D9-091E-4AE9-AB3D-DE3DF9686066}.Release|Any CPU.Build.0 = Release|Any CPU
		{B55DC4ED-9A70-4282-85A9-E82FBB57F340}.Debug|Any CPU.ActiveCfg = Debug|Any CPU
		{B55DC4ED-9A70-4282-85A9-E82FBB57F340}.Debug|Any CPU.Build.0 = Debug|Any CPU
		{B55DC4ED-9A70-4282-85A9-E82FBB57F340}.Release|Any CPU.ActiveCfg = Release|Any CPU
		{B55DC4ED-9A70-4282-85A9-E82FBB57F340}.Release|Any CPU.Build.0 = Release|Any CPU
		{E3296937-D7B3-48AC-8AB4-2067E05BF2C5}.Debug|Any CPU.ActiveCfg = Debug|Any CPU
		{E3296937-D7B3-48AC-8AB4-2067E05BF2C5}.Debug|Any CPU.Build.0 = Debug|Any CPU
		{E3296937-D7B3-48AC-8AB4-2067E05BF2C5}.Release|Any CPU.ActiveCfg = Release|Any CPU
		{E3296937-D7B3-48AC-8AB4-2067E05BF2C5}.Release|Any CPU.Build.0 = Release|Any CPU
		{76A17EEE-AEF7-4C53-95D2-D05D7A128F70}.Debug|Any CPU.ActiveCfg = Debug|Any CPU
		{76A17EEE-AEF7-4C53-95D2-D05D7A128F70}.Debug|Any CPU.Build.0 = Debug|Any CPU
		{76A17EEE-AEF7-4C53-95D2-D05D7A128F70}.Release|Any CPU.ActiveCfg = Release|Any CPU
		{76A17EEE-AEF7-4C53-95D2-D05D7A128F70}.Release|Any CPU.Build.0 = Release|Any CPU
		{3FDA71FD-6419-4E2E-A908-10C0292A4D50}.Debug|Any CPU.ActiveCfg = Debug|Any CPU
		{3FDA71FD-6419-4E2E-A908-10C0292A4D50}.Debug|Any CPU.Build.0 = Debug|Any CPU
		{3FDA71FD-6419-4E2E-A908-10C0292A4D50}.Release|Any CPU.ActiveCfg = Release|Any CPU
		{3FDA71FD-6419-4E2E-A908-10C0292A4D50}.Release|Any CPU.Build.0 = Release|Any CPU
		{36C0974D-FF61-49EE-AC29-31DCA7187527}.Debug|Any CPU.ActiveCfg = Debug|Any CPU
		{36C0974D-FF61-49EE-AC29-31DCA7187527}.Debug|Any CPU.Build.0 = Debug|Any CPU
		{36C0974D-FF61-49EE-AC29-31DCA7187527}.Release|Any CPU.ActiveCfg = Release|Any CPU
		{36C0974D-FF61-49EE-AC29-31DCA7187527}.Release|Any CPU.Build.0 = Release|Any CPU
		{04FC7C62-9D75-4B8C-BBA2-282B24647986}.Debug|Any CPU.ActiveCfg = Debug|Any CPU
		{04FC7C62-9D75-4B8C-BBA2-282B24647986}.Debug|Any CPU.Build.0 = Debug|Any CPU
		{04FC7C62-9D75-4B8C-BBA2-282B24647986}.Release|Any CPU.ActiveCfg = Release|Any CPU
		{04FC7C62-9D75-4B8C-BBA2-282B24647986}.Release|Any CPU.Build.0 = Release|Any CPU
	EndGlobalSection
	GlobalSection(SolutionProperties) = preSolution
		HideSolutionNode = FALSE
	EndGlobalSection
	GlobalSection(ExtensibilityGlobals) = postSolution
		SolutionGuid = {B18987A7-F649-452E-A04E-AD2EF5401763}
	EndGlobalSection
EndGlobal
