
Microsoft Visual Studio Solution File, Format Version 12.00
# Visual Studio Version 17
VisualStudioVersion = 17.4.33213.308
MinimumVisualStudioVersion = 10.0.40219.1
Project("{FAE04EC0-301F-11D3-BF4B-00C04F79EFBC}") = "P01", "P01\P01.csproj", "{4D379CB3-D371-4499-B26F-4A3C5C559A1D}"
EndProject
Project("{FAE04EC0-301F-11D3-BF4B-00C04F79EFBC}") = "P02", "P02\P02.csproj", "{ACD4721B-4AC9-4E3A-89F4-57CF1A7413B5}"
EndProject
Global
	GlobalSection(SolutionConfigurationPlatforms) = preSolution
		Debug|Any CPU = Debug|Any CPU
		Release|Any CPU = Release|Any CPU
	EndGlobalSection
	GlobalSection(ProjectConfigurationPlatforms) = postSolution
		{4D379CB3-D371-4499-B26F-4A3C5C559A1D}.Debug|Any CPU.ActiveCfg = Debug|Any CPU
		{4D379CB3-D371-4499-B26F-4A3C5C559A1D}.Debug|Any CPU.Build.0 = Debug|Any CPU
		{4D379CB3-D371-4499-B26F-4A3C5C559A1D}.Release|Any CPU.ActiveCfg = Release|Any CPU
		{4D379CB3-D371-4499-B26F-4A3C5C559A1D}.Release|Any CPU.Build.0 = Release|Any CPU
		{ACD4721B-4AC9-4E3A-89F4-57CF1A7413B5}.Debug|Any CPU.ActiveCfg = Debug|Any CPU
		{ACD4721B-4AC9-4E3A-89F4-57CF1A7413B5}.Debug|Any CPU.Build.0 = Debug|Any CPU
		{ACD4721B-4AC9-4E3A-89F4-57CF1A7413B5}.Release|Any CPU.ActiveCfg = Release|Any CPU
		{ACD4721B-4AC9-4E3A-89F4-57CF1A7413B5}.Release|Any CPU.Build.0 = Release|Any CPU
	EndGlobalSection
	GlobalSection(SolutionProperties) = preSolution
		HideSolutionNode = FALSE
	EndGlobalSection
	GlobalSection(ExtensibilityGlobals) = postSolution
		SolutionGuid = {DEE2FEEE-945E-48D6-99A9-0EB6088207AF}
	EndGlobalSection
EndGlobal
