
Microsoft Visual Studio Solution File, Format Version 12.00
# Visual Studio Version 17
VisualStudioVersion = 17.3.32922.545
MinimumVisualStudioVersion = 10.0.40219.1
Project("{FAE04EC0-301F-11D3-BF4B-00C04F79EFBC}") = "01. The Imitation Game", "01. The Imitation Game\01. The Imitation Game.csproj", "{F0CA64C5-5AC2-437C-8ACA-364B69FE1BAD}"
EndProject
Project("{2150E333-8FDC-42A3-9474-1A3956D46DE8}") = "01. Final Exam", "01. Final Exam", "{D981B738-2E06-43DA-AA35-8037D400A3DE}"
EndProject
Project("{FAE04EC0-301F-11D3-BF4B-00C04F79EFBC}") = "02. Ad Astra", "02. Ad Astra\02. Ad Astra.csproj", "{460E6FF3-C630-42E7-840B-D91492C39172}"
EndProject
Project("{FAE04EC0-301F-11D3-BF4B-00C04F79EFBC}") = "03. The Pianist", "03. The Pianist\03. The Pianist.csproj", "{A160C02D-B466-44D4-82C9-53AC6ABB7A06}"
EndProject
Project("{2150E333-8FDC-42A3-9474-1A3956D46DE8}") = "02. Final Exam", "02. Final Exam", "{ECB50DBA-35C8-4871-B7D4-1172243641A3}"
EndProject
Project("{2150E333-8FDC-42A3-9474-1A3956D46DE8}") = "03. Final Exam", "03. Final Exam", "{8294A227-3C29-44B8-9C92-BC4AAC8BED51}"
EndProject
Project("{2150E333-8FDC-42A3-9474-1A3956D46DE8}") = "04. Final Exam", "04. Final Exam", "{F97FCB93-5FFA-4C98-946E-7154CD2C5A6C}"
EndProject
Project("{2150E333-8FDC-42A3-9474-1A3956D46DE8}") = "05. FInal Exam", "05. FInal Exam", "{C43016FD-C0A2-4EFA-9623-C51B74AA9A1C}"
EndProject
Project("{FAE04EC0-301F-11D3-BF4B-00C04F79EFBC}") = "01. World Tour", "01. World Tour\01. World Tour.csproj", "{3089450D-1D9F-4B45-82BB-BA154CA3947D}"
EndProject
Project("{FAE04EC0-301F-11D3-BF4B-00C04F79EFBC}") = "02. Destination Mapper", "02. Destination Mapper\02. Destination Mapper.csproj", "{637FE555-4E7C-4ED4-9141-0B077D35B7A0}"
EndProject
Project("{FAE04EC0-301F-11D3-BF4B-00C04F79EFBC}") = "03. Plant Discovery", "03. Plant Discovery\03. Plant Discovery.csproj", "{ED1B83BC-52AD-476B-A181-39FF0485DDBB}"
EndProject
Project("{FAE04EC0-301F-11D3-BF4B-00C04F79EFBC}") = "01. Secret Chat", "01. Secret Chat\01. Secret Chat.csproj", "{58BBAF7E-47FC-4D8D-AA14-3969B2370CAC}"
EndProject
Project("{FAE04EC0-301F-11D3-BF4B-00C04F79EFBC}") = "02. Mirror Words", "02. Mirror Words\02. Mirror Words.csproj", "{38B750BF-9394-41F9-98FB-51CD9A41E2C6}"
EndProject
Project("{FAE04EC0-301F-11D3-BF4B-00C04F79EFBC}") = "03. Need for Speed III", "03. Need for Speed III\03. Need for Speed III.csproj", "{DBD0E418-E4A6-49CF-8EA1-7AC425FD3051}"
EndProject
Project("{FAE04EC0-301F-11D3-BF4B-00C04F79EFBC}") = "01. Password Reset", "01. Password Reset\01. Password Reset.csproj", "{8CF54339-93D8-4172-8A9F-8AA04ADA4815}"
EndProject
Project("{FAE04EC0-301F-11D3-BF4B-00C04F79EFBC}") = "02. Fancy Barcodes", "02. Fancy Barcodes\02. Fancy Barcodes.csproj", "{018AB191-82B5-4C16-BF67-3032C9782FFF}"
EndProject
Project("{FAE04EC0-301F-11D3-BF4B-00C04F79EFBC}") = "03. Heroes of Code and Logic VII", "03. Heroes of Code and Logic VII\03. Heroes of Code and Logic VII.csproj", "{116DBB6B-051C-4E1E-9253-620C51C45D7E}"
EndProject
Project("{FAE04EC0-301F-11D3-BF4B-00C04F79EFBC}") = "01. Activation Keys", "01. Activation Keys\01. Activation Keys.csproj", "{956BBBFB-0036-48B8-BBB3-65EECD804931}"
EndProject
Project("{FAE04EC0-301F-11D3-BF4B-00C04F79EFBC}") = "02. Emoji Detector", "02. Emoji Detector\02. Emoji Detector.csproj", "{18CB0205-C959-42D9-B45E-67EDB1111A99}"
EndProject
Project("{FAE04EC0-301F-11D3-BF4B-00C04F79EFBC}") = "03. P!rates", "03. P!rates\03. P!rates.csproj", "{AA87CD67-D231-443A-A432-96478F728CF0}"
EndProject
Global
	GlobalSection(SolutionConfigurationPlatforms) = preSolution
		Debug|Any CPU = Debug|Any CPU
		Release|Any CPU = Release|Any CPU
	EndGlobalSection
	GlobalSection(ProjectConfigurationPlatforms) = postSolution
		{F0CA64C5-5AC2-437C-8ACA-364B69FE1BAD}.Debug|Any CPU.ActiveCfg = Debug|Any CPU
		{F0CA64C5-5AC2-437C-8ACA-364B69FE1BAD}.Debug|Any CPU.Build.0 = Debug|Any CPU
		{F0CA64C5-5AC2-437C-8ACA-364B69FE1BAD}.Release|Any CPU.ActiveCfg = Release|Any CPU
		{F0CA64C5-5AC2-437C-8ACA-364B69FE1BAD}.Release|Any CPU.Build.0 = Release|Any CPU
		{460E6FF3-C630-42E7-840B-D91492C39172}.Debug|Any CPU.ActiveCfg = Debug|Any CPU
		{460E6FF3-C630-42E7-840B-D91492C39172}.Debug|Any CPU.Build.0 = Debug|Any CPU
		{460E6FF3-C630-42E7-840B-D91492C39172}.Release|Any CPU.ActiveCfg = Release|Any CPU
		{460E6FF3-C630-42E7-840B-D91492C39172}.Release|Any CPU.Build.0 = Release|Any CPU
		{A160C02D-B466-44D4-82C9-53AC6ABB7A06}.Debug|Any CPU.ActiveCfg = Debug|Any CPU
		{A160C02D-B466-44D4-82C9-53AC6ABB7A06}.Debug|Any CPU.Build.0 = Debug|Any CPU
		{A160C02D-B466-44D4-82C9-53AC6ABB7A06}.Release|Any CPU.ActiveCfg = Release|Any CPU
		{A160C02D-B466-44D4-82C9-53AC6ABB7A06}.Release|Any CPU.Build.0 = Release|Any CPU
		{3089450D-1D9F-4B45-82BB-BA154CA3947D}.Debug|Any CPU.ActiveCfg = Debug|Any CPU
		{3089450D-1D9F-4B45-82BB-BA154CA3947D}.Debug|Any CPU.Build.0 = Debug|Any CPU
		{3089450D-1D9F-4B45-82BB-BA154CA3947D}.Release|Any CPU.ActiveCfg = Release|Any CPU
		{3089450D-1D9F-4B45-82BB-BA154CA3947D}.Release|Any CPU.Build.0 = Release|Any CPU
		{637FE555-4E7C-4ED4-9141-0B077D35B7A0}.Debug|Any CPU.ActiveCfg = Debug|Any CPU
		{637FE555-4E7C-4ED4-9141-0B077D35B7A0}.Debug|Any CPU.Build.0 = Debug|Any CPU
		{637FE555-4E7C-4ED4-9141-0B077D35B7A0}.Release|Any CPU.ActiveCfg = Release|Any CPU
		{637FE555-4E7C-4ED4-9141-0B077D35B7A0}.Release|Any CPU.Build.0 = Release|Any CPU
		{ED1B83BC-52AD-476B-A181-39FF0485DDBB}.Debug|Any CPU.ActiveCfg = Debug|Any CPU
		{ED1B83BC-52AD-476B-A181-39FF0485DDBB}.Debug|Any CPU.Build.0 = Debug|Any CPU
		{ED1B83BC-52AD-476B-A181-39FF0485DDBB}.Release|Any CPU.ActiveCfg = Release|Any CPU
		{ED1B83BC-52AD-476B-A181-39FF0485DDBB}.Release|Any CPU.Build.0 = Release|Any CPU
		{58BBAF7E-47FC-4D8D-AA14-3969B2370CAC}.Debug|Any CPU.ActiveCfg = Debug|Any CPU
		{58BBAF7E-47FC-4D8D-AA14-3969B2370CAC}.Debug|Any CPU.Build.0 = Debug|Any CPU
		{58BBAF7E-47FC-4D8D-AA14-3969B2370CAC}.Release|Any CPU.ActiveCfg = Release|Any CPU
		{58BBAF7E-47FC-4D8D-AA14-3969B2370CAC}.Release|Any CPU.Build.0 = Release|Any CPU
		{38B750BF-9394-41F9-98FB-51CD9A41E2C6}.Debug|Any CPU.ActiveCfg = Debug|Any CPU
		{38B750BF-9394-41F9-98FB-51CD9A41E2C6}.Debug|Any CPU.Build.0 = Debug|Any CPU
		{38B750BF-9394-41F9-98FB-51CD9A41E2C6}.Release|Any CPU.ActiveCfg = Release|Any CPU
		{38B750BF-9394-41F9-98FB-51CD9A41E2C6}.Release|Any CPU.Build.0 = Release|Any CPU
		{DBD0E418-E4A6-49CF-8EA1-7AC425FD3051}.Debug|Any CPU.ActiveCfg = Debug|Any CPU
		{DBD0E418-E4A6-49CF-8EA1-7AC425FD3051}.Debug|Any CPU.Build.0 = Debug|Any CPU
		{DBD0E418-E4A6-49CF-8EA1-7AC425FD3051}.Release|Any CPU.ActiveCfg = Release|Any CPU
		{DBD0E418-E4A6-49CF-8EA1-7AC425FD3051}.Release|Any CPU.Build.0 = Release|Any CPU
		{8CF54339-93D8-4172-8A9F-8AA04ADA4815}.Debug|Any CPU.ActiveCfg = Debug|Any CPU
		{8CF54339-93D8-4172-8A9F-8AA04ADA4815}.Debug|Any CPU.Build.0 = Debug|Any CPU
		{8CF54339-93D8-4172-8A9F-8AA04ADA4815}.Release|Any CPU.ActiveCfg = Release|Any CPU
		{8CF54339-93D8-4172-8A9F-8AA04ADA4815}.Release|Any CPU.Build.0 = Release|Any CPU
		{018AB191-82B5-4C16-BF67-3032C9782FFF}.Debug|Any CPU.ActiveCfg = Debug|Any CPU
		{018AB191-82B5-4C16-BF67-3032C9782FFF}.Debug|Any CPU.Build.0 = Debug|Any CPU
		{018AB191-82B5-4C16-BF67-3032C9782FFF}.Release|Any CPU.ActiveCfg = Release|Any CPU
		{018AB191-82B5-4C16-BF67-3032C9782FFF}.Release|Any CPU.Build.0 = Release|Any CPU
		{116DBB6B-051C-4E1E-9253-620C51C45D7E}.Debug|Any CPU.ActiveCfg = Debug|Any CPU
		{116DBB6B-051C-4E1E-9253-620C51C45D7E}.Debug|Any CPU.Build.0 = Debug|Any CPU
		{116DBB6B-051C-4E1E-9253-620C51C45D7E}.Release|Any CPU.ActiveCfg = Release|Any CPU
		{116DBB6B-051C-4E1E-9253-620C51C45D7E}.Release|Any CPU.Build.0 = Release|Any CPU
		{956BBBFB-0036-48B8-BBB3-65EECD804931}.Debug|Any CPU.ActiveCfg = Debug|Any CPU
		{956BBBFB-0036-48B8-BBB3-65EECD804931}.Debug|Any CPU.Build.0 = Debug|Any CPU
		{956BBBFB-0036-48B8-BBB3-65EECD804931}.Release|Any CPU.ActiveCfg = Release|Any CPU
		{956BBBFB-0036-48B8-BBB3-65EECD804931}.Release|Any CPU.Build.0 = Release|Any CPU
		{18CB0205-C959-42D9-B45E-67EDB1111A99}.Debug|Any CPU.ActiveCfg = Debug|Any CPU
		{18CB0205-C959-42D9-B45E-67EDB1111A99}.Debug|Any CPU.Build.0 = Debug|Any CPU
		{18CB0205-C959-42D9-B45E-67EDB1111A99}.Release|Any CPU.ActiveCfg = Release|Any CPU
		{18CB0205-C959-42D9-B45E-67EDB1111A99}.Release|Any CPU.Build.0 = Release|Any CPU
		{AA87CD67-D231-443A-A432-96478F728CF0}.Debug|Any CPU.ActiveCfg = Debug|Any CPU
		{AA87CD67-D231-443A-A432-96478F728CF0}.Debug|Any CPU.Build.0 = Debug|Any CPU
		{AA87CD67-D231-443A-A432-96478F728CF0}.Release|Any CPU.ActiveCfg = Release|Any CPU
		{AA87CD67-D231-443A-A432-96478F728CF0}.Release|Any CPU.Build.0 = Release|Any CPU
	EndGlobalSection
	GlobalSection(SolutionProperties) = preSolution
		HideSolutionNode = FALSE
	EndGlobalSection
	GlobalSection(NestedProjects) = preSolution
		{F0CA64C5-5AC2-437C-8ACA-364B69FE1BAD} = {D981B738-2E06-43DA-AA35-8037D400A3DE}
		{460E6FF3-C630-42E7-840B-D91492C39172} = {D981B738-2E06-43DA-AA35-8037D400A3DE}
		{A160C02D-B466-44D4-82C9-53AC6ABB7A06} = {D981B738-2E06-43DA-AA35-8037D400A3DE}
		{3089450D-1D9F-4B45-82BB-BA154CA3947D} = {ECB50DBA-35C8-4871-B7D4-1172243641A3}
		{637FE555-4E7C-4ED4-9141-0B077D35B7A0} = {ECB50DBA-35C8-4871-B7D4-1172243641A3}
		{ED1B83BC-52AD-476B-A181-39FF0485DDBB} = {ECB50DBA-35C8-4871-B7D4-1172243641A3}
		{58BBAF7E-47FC-4D8D-AA14-3969B2370CAC} = {8294A227-3C29-44B8-9C92-BC4AAC8BED51}
		{38B750BF-9394-41F9-98FB-51CD9A41E2C6} = {8294A227-3C29-44B8-9C92-BC4AAC8BED51}
		{DBD0E418-E4A6-49CF-8EA1-7AC425FD3051} = {8294A227-3C29-44B8-9C92-BC4AAC8BED51}
		{8CF54339-93D8-4172-8A9F-8AA04ADA4815} = {F97FCB93-5FFA-4C98-946E-7154CD2C5A6C}
		{018AB191-82B5-4C16-BF67-3032C9782FFF} = {F97FCB93-5FFA-4C98-946E-7154CD2C5A6C}
		{116DBB6B-051C-4E1E-9253-620C51C45D7E} = {F97FCB93-5FFA-4C98-946E-7154CD2C5A6C}
		{956BBBFB-0036-48B8-BBB3-65EECD804931} = {C43016FD-C0A2-4EFA-9623-C51B74AA9A1C}
		{18CB0205-C959-42D9-B45E-67EDB1111A99} = {C43016FD-C0A2-4EFA-9623-C51B74AA9A1C}
		{AA87CD67-D231-443A-A432-96478F728CF0} = {C43016FD-C0A2-4EFA-9623-C51B74AA9A1C}
	EndGlobalSection
	GlobalSection(ExtensibilityGlobals) = postSolution
		SolutionGuid = {84CE67BC-31EB-40EC-BF98-C7FFA67CE6ED}
	EndGlobalSection
EndGlobal
