
Microsoft Visual Studio Solution File, Format Version 12.00
# Visual Studio Version 17
VisualStudioVersion = 17.3.32922.545
MinimumVisualStudioVersion = 10.0.40219.1
Project("{9A19103F-16F7-4668-BE54-9A1E7A4F7556}") = "1. Reverse a String", "1. Reverse a String\1. Reverse a String.csproj", "{48267A2D-EEDB-4484-BAD1-285E5A7F5353}"
EndProject
Project("{FAE04EC0-301F-11D3-BF4B-00C04F79EFBC}") = "2. Stack Sum", "2. Stack Sum\2. Stack Sum.csproj", "{8E4D4E83-EC16-409C-916E-D22746B9E715}"
EndProject
Project("{FAE04EC0-301F-11D3-BF4B-00C04F79EFBC}") = "3. Simple Calculator", "3. Simple Calculator\3. Simple Calculator.csproj", "{A65F3103-F4AC-407A-82F7-1E11C9A731C8}"
EndProject
Project("{FAE04EC0-301F-11D3-BF4B-00C04F79EFBC}") = "4. Matching Brackets", "4. Matching Brackets\4. Matching Brackets.csproj", "{A9EE9016-D337-45BC-AAFB-B4AE112BD1D5}"
EndProject
Project("{FAE04EC0-301F-11D3-BF4B-00C04F79EFBC}") = "5. Print Even Numbers", "5. Print Even Numbers\5. Print Even Numbers.csproj", "{9BDAB0C4-1ABF-4468-9B42-93647B8B235D}"
EndProject
Project("{FAE04EC0-301F-11D3-BF4B-00C04F79EFBC}") = "6. Supermarket", "6. Supermarket\6. Supermarket.csproj", "{E4563A7F-9021-409D-B848-9BF1315A7235}"
EndProject
Project("{FAE04EC0-301F-11D3-BF4B-00C04F79EFBC}") = "7. Hot Potato", "7. Hot Potato\7. Hot Potato.csproj", "{DC34615C-F26D-4B7E-B520-23665A97F99B}"
EndProject
Project("{FAE04EC0-301F-11D3-BF4B-00C04F79EFBC}") = "8. Traffic Jam", "8. Traffic Jam\8. Traffic Jam.csproj", "{0D652855-EA6F-4C77-AC90-D0859ACEEE3C}"
EndProject
Global
	GlobalSection(SolutionConfigurationPlatforms) = preSolution
		Debug|Any CPU = Debug|Any CPU
		Release|Any CPU = Release|Any CPU
	EndGlobalSection
	GlobalSection(ProjectConfigurationPlatforms) = postSolution
		{48267A2D-EEDB-4484-BAD1-285E5A7F5353}.Debug|Any CPU.ActiveCfg = Debug|Any CPU
		{48267A2D-EEDB-4484-BAD1-285E5A7F5353}.Debug|Any CPU.Build.0 = Debug|Any CPU
		{48267A2D-EEDB-4484-BAD1-285E5A7F5353}.Release|Any CPU.ActiveCfg = Release|Any CPU
		{48267A2D-EEDB-4484-BAD1-285E5A7F5353}.Release|Any CPU.Build.0 = Release|Any CPU
		{8E4D4E83-EC16-409C-916E-D22746B9E715}.Debug|Any CPU.ActiveCfg = Debug|Any CPU
		{8E4D4E83-EC16-409C-916E-D22746B9E715}.Debug|Any CPU.Build.0 = Debug|Any CPU
		{8E4D4E83-EC16-409C-916E-D22746B9E715}.Release|Any CPU.ActiveCfg = Release|Any CPU
		{8E4D4E83-EC16-409C-916E-D22746B9E715}.Release|Any CPU.Build.0 = Release|Any CPU
		{A65F3103-F4AC-407A-82F7-1E11C9A731C8}.Debug|Any CPU.ActiveCfg = Debug|Any CPU
		{A65F3103-F4AC-407A-82F7-1E11C9A731C8}.Debug|Any CPU.Build.0 = Debug|Any CPU
		{A65F3103-F4AC-407A-82F7-1E11C9A731C8}.Release|Any CPU.ActiveCfg = Release|Any CPU
		{A65F3103-F4AC-407A-82F7-1E11C9A731C8}.Release|Any CPU.Build.0 = Release|Any CPU
		{A9EE9016-D337-45BC-AAFB-B4AE112BD1D5}.Debug|Any CPU.ActiveCfg = Debug|Any CPU
		{A9EE9016-D337-45BC-AAFB-B4AE112BD1D5}.Debug|Any CPU.Build.0 = Debug|Any CPU
		{A9EE9016-D337-45BC-AAFB-B4AE112BD1D5}.Release|Any CPU.ActiveCfg = Release|Any CPU
		{A9EE9016-D337-45BC-AAFB-B4AE112BD1D5}.Release|Any CPU.Build.0 = Release|Any CPU
		{9BDAB0C4-1ABF-4468-9B42-93647B8B235D}.Debug|Any CPU.ActiveCfg = Debug|Any CPU
		{9BDAB0C4-1ABF-4468-9B42-93647B8B235D}.Debug|Any CPU.Build.0 = Debug|Any CPU
		{9BDAB0C4-1ABF-4468-9B42-93647B8B235D}.Release|Any CPU.ActiveCfg = Release|Any CPU
		{9BDAB0C4-1ABF-4468-9B42-93647B8B235D}.Release|Any CPU.Build.0 = Release|Any CPU
		{E4563A7F-9021-409D-B848-9BF1315A7235}.Debug|Any CPU.ActiveCfg = Debug|Any CPU
		{E4563A7F-9021-409D-B848-9BF1315A7235}.Debug|Any CPU.Build.0 = Debug|Any CPU
		{E4563A7F-9021-409D-B848-9BF1315A7235}.Release|Any CPU.ActiveCfg = Release|Any CPU
		{E4563A7F-9021-409D-B848-9BF1315A7235}.Release|Any CPU.Build.0 = Release|Any CPU
		{DC34615C-F26D-4B7E-B520-23665A97F99B}.Debug|Any CPU.ActiveCfg = Debug|Any CPU
		{DC34615C-F26D-4B7E-B520-23665A97F99B}.Debug|Any CPU.Build.0 = Debug|Any CPU
		{DC34615C-F26D-4B7E-B520-23665A97F99B}.Release|Any CPU.ActiveCfg = Release|Any CPU
		{DC34615C-F26D-4B7E-B520-23665A97F99B}.Release|Any CPU.Build.0 = Release|Any CPU
		{0D652855-EA6F-4C77-AC90-D0859ACEEE3C}.Debug|Any CPU.ActiveCfg = Debug|Any CPU
		{0D652855-EA6F-4C77-AC90-D0859ACEEE3C}.Debug|Any CPU.Build.0 = Debug|Any CPU
		{0D652855-EA6F-4C77-AC90-D0859ACEEE3C}.Release|Any CPU.ActiveCfg = Release|Any CPU
		{0D652855-EA6F-4C77-AC90-D0859ACEEE3C}.Release|Any CPU.Build.0 = Release|Any CPU
	EndGlobalSection
	GlobalSection(SolutionProperties) = preSolution
		HideSolutionNode = FALSE
	EndGlobalSection
	GlobalSection(ExtensibilityGlobals) = postSolution
		SolutionGuid = {80EE474C-2660-4F8F-AB88-3A8045773B24}
	EndGlobalSection
EndGlobal
