
Microsoft Visual Studio Solution File, Format Version 12.00
# Visual Studio Version 17
VisualStudioVersion = 17.4.33213.308
MinimumVisualStudioVersion = 10.0.40219.1
Project("{FAE04EC0-301F-11D3-BF4B-00C04F79EFBC}") = "P01", "P01\P01.csproj", "{BBE009CD-7787-4332-A2F5-E40EE4EDE752}"
EndProject
Project("{FAE04EC0-301F-11D3-BF4B-00C04F79EFBC}") = "P02", "P02\P02.csproj", "{416BD05B-C2C6-4186-A8CB-DA2EA0337688}"
EndProject
Global
	GlobalSection(SolutionConfigurationPlatforms) = preSolution
		Debug|Any CPU = Debug|Any CPU
		Release|Any CPU = Release|Any CPU
	EndGlobalSection
	GlobalSection(ProjectConfigurationPlatforms) = postSolution
		{BBE009CD-7787-4332-A2F5-E40EE4EDE752}.Debug|Any CPU.ActiveCfg = Debug|Any CPU
		{BBE009CD-7787-4332-A2F5-E40EE4EDE752}.Debug|Any CPU.Build.0 = Debug|Any CPU
		{BBE009CD-7787-4332-A2F5-E40EE4EDE752}.Release|Any CPU.ActiveCfg = Release|Any CPU
		{BBE009CD-7787-4332-A2F5-E40EE4EDE752}.Release|Any CPU.Build.0 = Release|Any CPU
		{416BD05B-C2C6-4186-A8CB-DA2EA0337688}.Debug|Any CPU.ActiveCfg = Debug|Any CPU
		{416BD05B-C2C6-4186-A8CB-DA2EA0337688}.Debug|Any CPU.Build.0 = Debug|Any CPU
		{416BD05B-C2C6-4186-A8CB-DA2EA0337688}.Release|Any CPU.ActiveCfg = Release|Any CPU
		{416BD05B-C2C6-4186-A8CB-DA2EA0337688}.Release|Any CPU.Build.0 = Release|Any CPU
	EndGlobalSection
	GlobalSection(SolutionProperties) = preSolution
		HideSolutionNode = FALSE
	EndGlobalSection
	GlobalSection(ExtensibilityGlobals) = postSolution
		SolutionGuid = {C968CC67-AD20-48FA-9A81-E86676F6A7A2}
	EndGlobalSection
EndGlobal
