
Microsoft Visual Studio Solution File, Format Version 12.00
Project("{FAE04EC0-301F-11D3-BF4B-00C04F79EFBC}") = "MVCIdentityDemo", "MVCIdentityDemo\MVCIdentityDemo.csproj", "{C291A727-AD2A-44FB-A044-5499DCAE67ED}"
EndProject
Global
	GlobalSection(SolutionConfigurationPlatforms) = preSolution
		Debug|Any CPU = Debug|Any CPU
		Release|Any CPU = Release|Any CPU
	EndGlobalSection
	GlobalSection(ProjectConfigurationPlatforms) = postSolution
		{C291A727-AD2A-44FB-A044-5499DCAE67ED}.Debug|Any CPU.ActiveCfg = Debug|Any CPU
		{C291A727-AD2A-44FB-A044-5499DCAE67ED}.Debug|Any CPU.Build.0 = Debug|Any CPU
		{C291A727-AD2A-44FB-A044-5499DCAE67ED}.Release|Any CPU.ActiveCfg = Release|Any CPU
		{C291A727-AD2A-44FB-A044-5499DCAE67ED}.Release|Any CPU.Build.0 = Release|Any CPU
	EndGlobalSection
EndGlobal
