
Microsoft Visual Studio Solution File, Format Version 12.00
# Visual Studio Version 17
VisualStudioVersion = 17.3.32922.545
MinimumVisualStudioVersion = 10.0.40219.1
Project("{9A19103F-16F7-4668-BE54-9A1E7A4F7556}") = "Basketball", "Basketball.csproj", "{AE0AD0EE-9685-453B-9652-A840A25185B1}"
EndProject
Global
	GlobalSection(SolutionConfigurationPlatforms) = preSolution
		Debug|Any CPU = Debug|Any CPU
		Release|Any CPU = Release|Any CPU
	EndGlobalSection
	GlobalSection(ProjectConfigurationPlatforms) = postSolution
		{AE0AD0EE-9685-453B-9652-A840A25185B1}.Debug|Any CPU.ActiveCfg = Debug|Any CPU
		{AE0AD0EE-9685-453B-9652-A840A25185B1}.Debug|Any CPU.Build.0 = Debug|Any CPU
		{AE0AD0EE-9685-453B-9652-A840A25185B1}.Release|Any CPU.ActiveCfg = Release|Any CPU
		{AE0AD0EE-9685-453B-9652-A840A25185B1}.Release|Any CPU.Build.0 = Release|Any CPU
	EndGlobalSection
	GlobalSection(SolutionProperties) = preSolution
		HideSolutionNode = FALSE
	EndGlobalSection
	GlobalSection(ExtensibilityGlobals) = postSolution
		SolutionGuid = {613F06DC-D655-4D8D-AA75-93A7D350FE07}
	EndGlobalSection
EndGlobal
