
Microsoft Visual Studio Solution File, Format Version 12.00
# Visual Studio Version 17
VisualStudioVersion = 17.3.32922.545
MinimumVisualStudioVersion = 10.0.40219.1
Project("{FAE04EC0-301F-11D3-BF4B-00C04F79EFBC}") = "01. Extract Person Information", "01. Extract Person Information\01. Extract Person Information.csproj", "{80B7C95A-C046-4CA4-9252-B7D176EF8926}"
EndProject
Project("{FAE04EC0-301F-11D3-BF4B-00C04F79EFBC}") = "02. Ascii Sumator", "02. Ascii Sumator\02. Ascii Sumator.csproj", "{BDBA7B9B-7C53-4165-921E-EB9B55AA3846}"
EndProject
Project("{FAE04EC0-301F-11D3-BF4B-00C04F79EFBC}") = "03. Treasure Finder", "03. Treasure Finder\03. Treasure Finder.csproj", "{8EAF90A6-C19D-418A-B60A-CF62776A5A04}"
EndProject
Project("{FAE04EC0-301F-11D3-BF4B-00C04F79EFBC}") = "04. Morse Code Translator", "04. Morse Code Translator\04. Morse Code Translator.csproj", "{A0FBFFCC-1FC0-44F5-B169-A2A8C681D6B3}"
EndProject
Project("{FAE04EC0-301F-11D3-BF4B-00C04F79EFBC}") = "05. HTML", "05. HTML\05. HTML.csproj", "{5F1049A5-7BC4-4008-8E8A-22CE8ADCDA88}"
EndProject
Global
	GlobalSection(SolutionConfigurationPlatforms) = preSolution
		Debug|Any CPU = Debug|Any CPU
		Release|Any CPU = Release|Any CPU
	EndGlobalSection
	GlobalSection(ProjectConfigurationPlatforms) = postSolution
		{80B7C95A-C046-4CA4-9252-B7D176EF8926}.Debug|Any CPU.ActiveCfg = Debug|Any CPU
		{80B7C95A-C046-4CA4-9252-B7D176EF8926}.Debug|Any CPU.Build.0 = Debug|Any CPU
		{80B7C95A-C046-4CA4-9252-B7D176EF8926}.Release|Any CPU.ActiveCfg = Release|Any CPU
		{80B7C95A-C046-4CA4-9252-B7D176EF8926}.Release|Any CPU.Build.0 = Release|Any CPU
		{BDBA7B9B-7C53-4165-921E-EB9B55AA3846}.Debug|Any CPU.ActiveCfg = Debug|Any CPU
		{BDBA7B9B-7C53-4165-921E-EB9B55AA3846}.Debug|Any CPU.Build.0 = Debug|Any CPU
		{BDBA7B9B-7C53-4165-921E-EB9B55AA3846}.Release|Any CPU.ActiveCfg = Release|Any CPU
		{BDBA7B9B-7C53-4165-921E-EB9B55AA3846}.Release|Any CPU.Build.0 = Release|Any CPU
		{8EAF90A6-C19D-418A-B60A-CF62776A5A04}.Debug|Any CPU.ActiveCfg = Debug|Any CPU
		{8EAF90A6-C19D-418A-B60A-CF62776A5A04}.Debug|Any CPU.Build.0 = Debug|Any CPU
		{8EAF90A6-C19D-418A-B60A-CF62776A5A04}.Release|Any CPU.ActiveCfg = Release|Any CPU
		{8EAF90A6-C19D-418A-B60A-CF62776A5A04}.Release|Any CPU.Build.0 = Release|Any CPU
		{A0FBFFCC-1FC0-44F5-B169-A2A8C681D6B3}.Debug|Any CPU.ActiveCfg = Debug|Any CPU
		{A0FBFFCC-1FC0-44F5-B169-A2A8C681D6B3}.Debug|Any CPU.Build.0 = Debug|Any CPU
		{A0FBFFCC-1FC0-44F5-B169-A2A8C681D6B3}.Release|Any CPU.ActiveCfg = Release|Any CPU
		{A0FBFFCC-1FC0-44F5-B169-A2A8C681D6B3}.Release|Any CPU.Build.0 = Release|Any CPU
		{5F1049A5-7BC4-4008-8E8A-22CE8ADCDA88}.Debug|Any CPU.ActiveCfg = Debug|Any CPU
		{5F1049A5-7BC4-4008-8E8A-22CE8ADCDA88}.Debug|Any CPU.Build.0 = Debug|Any CPU
		{5F1049A5-7BC4-4008-8E8A-22CE8ADCDA88}.Release|Any CPU.ActiveCfg = Release|Any CPU
		{5F1049A5-7BC4-4008-8E8A-22CE8ADCDA88}.Release|Any CPU.Build.0 = Release|Any CPU
	EndGlobalSection
	GlobalSection(SolutionProperties) = preSolution
		HideSolutionNode = FALSE
	EndGlobalSection
	GlobalSection(ExtensibilityGlobals) = postSolution
		SolutionGuid = {33E25B6B-A099-4BA7-B5B1-62B114666119}
	EndGlobalSection
EndGlobal
