
Microsoft Visual Studio Solution File, Format Version 12.00
# Visual Studio Version 17
VisualStudioVersion = 17.4.33213.308
MinimumVisualStudioVersion = 10.0.40219.1
Project("{FAE04EC0-301F-11D3-BF4B-00C04F79EFBC}") = "P01", "P01\P01.csproj", "{F472A2AF-A14B-464A-B46D-F08C607DFBC8}"
EndProject
Project("{FAE04EC0-301F-11D3-BF4B-00C04F79EFBC}") = "P02", "P02\P02.csproj", "{67248452-34B2-4414-B022-9A8B724144D6}"
EndProject
Global
	GlobalSection(SolutionConfigurationPlatforms) = preSolution
		Debug|Any CPU = Debug|Any CPU
		Release|Any CPU = Release|Any CPU
	EndGlobalSection
	GlobalSection(ProjectConfigurationPlatforms) = postSolution
		{F472A2AF-A14B-464A-B46D-F08C607DFBC8}.Debug|Any CPU.ActiveCfg = Debug|Any CPU
		{F472A2AF-A14B-464A-B46D-F08C607DFBC8}.Debug|Any CPU.Build.0 = Debug|Any CPU
		{F472A2AF-A14B-464A-B46D-F08C607DFBC8}.Release|Any CPU.ActiveCfg = Release|Any CPU
		{F472A2AF-A14B-464A-B46D-F08C607DFBC8}.Release|Any CPU.Build.0 = Release|Any CPU
		{67248452-34B2-4414-B022-9A8B724144D6}.Debug|Any CPU.ActiveCfg = Debug|Any CPU
		{67248452-34B2-4414-B022-9A8B724144D6}.Debug|Any CPU.Build.0 = Debug|Any CPU
		{67248452-34B2-4414-B022-9A8B724144D6}.Release|Any CPU.ActiveCfg = Release|Any CPU
		{67248452-34B2-4414-B022-9A8B724144D6}.Release|Any CPU.Build.0 = Release|Any CPU
	EndGlobalSection
	GlobalSection(SolutionProperties) = preSolution
		HideSolutionNode = FALSE
	EndGlobalSection
	GlobalSection(ExtensibilityGlobals) = postSolution
		SolutionGuid = {A95F98F9-7540-4820-987C-830C62712C92}
	EndGlobalSection
EndGlobal
