
Microsoft Visual Studio Solution File, Format Version 12.00
Project("{FAE04EC0-301F-11D3-BF4B-00C04F79EFBC}") = "02. Database First", "02. Database First\02. Database First.csproj", "{119B4612-08A9-4909-925D-83170F043AE8}"
EndProject
Global
	GlobalSection(SolutionConfigurationPlatforms) = preSolution
		Debug|Any CPU = Debug|Any CPU
		Release|Any CPU = Release|Any CPU
	EndGlobalSection
	GlobalSection(ProjectConfigurationPlatforms) = postSolution
		{119B4612-08A9-4909-925D-83170F043AE8}.Debug|Any CPU.ActiveCfg = Debug|Any CPU
		{119B4612-08A9-4909-925D-83170F043AE8}.Debug|Any CPU.Build.0 = Debug|Any CPU
		{119B4612-08A9-4909-925D-83170F043AE8}.Release|Any CPU.ActiveCfg = Release|Any CPU
		{119B4612-08A9-4909-925D-83170F043AE8}.Release|Any CPU.Build.0 = Release|Any CPU
	EndGlobalSection
EndGlobal
